// !$*UTF8*$!
{
	archiveVersion = 1;
	classes = {
	};
	objectVersion = 77;
	objects = {

/* Begin PBXBuildFile section */
		04DA7047C4AF5D01A197FBB6 /* DumpsysDisplayParser.swift in Sources */ = {isa = PBXBuildFile; fileRef = 5AB4B5D2A7FC69ECE83C52FF /* DumpsysDisplayParser.swift */; };
		0779D220B4E4B74F98E02BB8 /* EmulatorSession.swift in Sources */ = {isa = PBXBuildFile; fileRef = 2236435C2D65817084826D99 /* EmulatorSession.swift */; };
		0973B3FD7219D12A51373030 /* dumpsys-display-3secondary.txt in Resources */ = {isa = PBXBuildFile; fileRef = FF51EE94139FE9AD64718E95 /* dumpsys-display-3secondary.txt */; };
		0AC55BD7A72EBF8EF5F68E13 /* KeyMap.swift in Sources */ = {isa = PBXBuildFile; fileRef = 5B8C3EAA9A2A3110947593CF /* KeyMap.swift */; };
		0DF1197051DAF037D98474AB /* EmulatorProcess.swift in Sources */ = {isa = PBXBuildFile; fileRef = 88F617A499000576A9664ADF /* EmulatorProcess.swift */; };
		109AA783B1D1AC9FC14124B1 /* InputChannel.swift in Sources */ = {isa = PBXBuildFile; fileRef = FC59F9AB29D4F2CECA477731 /* InputChannel.swift */; };
		1250CDB8231B02324036E4D6 /* RunnerState.swift in Sources */ = {isa = PBXBuildFile; fileRef = B2399BF0E6D0E828987F66A2 /* RunnerState.swift */; };
		143B265AD4A5065632D820F9 /* SHA1.swift in Sources */ = {isa = PBXBuildFile; fileRef = AEC30370FCECC3FF55457B93 /* SHA1.swift */; };
		1A92F8FB1ACBE9094F550BCD /* GRPCProtobuf in Frameworks */ = {isa = PBXBuildFile; productRef = E82E8899E20A97A98C976ADD /* GRPCProtobuf */; };
		1F59DE4DEB07109C6C023B9D /* DebugHooks.swift in Sources */ = {isa = PBXBuildFile; fileRef = CB35C8405EAAE63FA357CAB9 /* DebugHooks.swift */; };
		22BBAC79AEE3987A28BFFAA9 /* EmulatorKit.framework in Frameworks */ = {isa = PBXBuildFile; fileRef = D4B02D64CB0EB7E1330734E7 /* EmulatorKit.framework */; };
		244AA171119E4FBEE3079805 /* SwiftProtobuf in Frameworks */ = {isa = PBXBuildFile; productRef = E9C763E8C714FB6D2AF8BE67 /* SwiftProtobuf */; };
		289D7185D574918B95BCEB4A /* Frame.swift in Sources */ = {isa = PBXBuildFile; fileRef = 0E15B909A31FE2A580B727FE /* Frame.swift */; };
		293D404DAE8F4726FD9AF34F /* Unarchiver.swift in Sources */ = {isa = PBXBuildFile; fileRef = 326729D1BCD57A8030ABD49A /* Unarchiver.swift */; };
		2A009FFB36499B75A61FD159 /* dumpsys-display-1secondary.txt in Resources */ = {isa = PBXBuildFile; fileRef = D380E3E46C4247FBF8144094 /* dumpsys-display-1secondary.txt */; };
		2DE3DA1244FEB429341774D8 /* LauncherStubBuilder.swift in Sources */ = {isa = PBXBuildFile; fileRef = 03FBBDBE1702D1BA1ACC35F4 /* LauncherStubBuilder.swift */; };
		33F3442434F8AEFB661F56F1 /* LibraryWindowController.swift in Sources */ = {isa = PBXBuildFile; fileRef = B1C746339D069D9C75EC0AF0 /* LibraryWindowController.swift */; };
		35DFD191990CFCB84F3BC907 /* EmulatorKit.framework in Embed Frameworks */ = {isa = PBXBuildFile; fileRef = D4B02D64CB0EB7E1330734E7 /* EmulatorKit.framework */; settings = {ATTRIBUTES = (CodeSignOnCopy, RemoveHeadersOnCopy, ); }; };
		3815486752618540E4A64590 /* PortAllocator.swift in Sources */ = {isa = PBXBuildFile; fileRef = EB2B482FDA54FD15CD87E8FC /* PortAllocator.swift */; };
		3929B04E05535C6F100AB71B /* SDKBootstrap.swift in Sources */ = {isa = PBXBuildFile; fileRef = C46228A1444AA4403864267D /* SDKBootstrap.swift */; };
		3C5464EBD61E6D092E9300AE /* APKBadging.swift in Sources */ = {isa = PBXBuildFile; fileRef = BF6BFED59A3A0E824F57984C /* APKBadging.swift */; };
		3E01067481E96C2BFAAD0567 /* AppWindowController.swift in Sources */ = {isa = PBXBuildFile; fileRef = 1A0E6D4C1BC9DB7438BF016C /* AppWindowController.swift */; };
		4281594E14FE47111BB6861B /* RepositoryManifestTests.swift in Sources */ = {isa = PBXBuildFile; fileRef = 40C5777188FF8282953FDEBE /* RepositoryManifestTests.swift */; };
		49B461F906EA57AF66F82DD2 /* EmulatorKit.framework in Frameworks */ = {isa = PBXBuildFile; fileRef = D4B02D64CB0EB7E1330734E7 /* EmulatorKit.framework */; };
		4E1DA7D78B02644D8D2DD41F /* InputRouter.swift in Sources */ = {isa = PBXBuildFile; fileRef = 2B5BEC36F6EBD6FC5BE8B8A3 /* InputRouter.swift */; };
		4E79C1FCE84DFF8BDEDF8B51 /* SetupWindowController.swift in Sources */ = {isa = PBXBuildFile; fileRef = 70042B9A52D94A323283D1D5 /* SetupWindowController.swift */; };
		4F6F4705BE6D5ED57A538507 /* emulator_controller.grpc.swift in Sources */ = {isa = PBXBuildFile; fileRef = 3647A3BC73BD40ACA4C3D58A /* emulator_controller.grpc.swift */; };
		51233549F17D5450C31BA824 /* EmulatorKit.framework in Embed Frameworks */ = {isa = PBXBuildFile; fileRef = D4B02D64CB0EB7E1330734E7 /* EmulatorKit.framework */; settings = {ATTRIBUTES = (CodeSignOnCopy, RemoveHeadersOnCopy, ); }; };
		545CF8FCAEA34EF27C37D45E /* Subprocess.swift in Sources */ = {isa = PBXBuildFile; fileRef = 9E41CC3DF0666A4660E623D0 /* Subprocess.swift */; };
		551F6C3A26A223B47FBEC9C0 /* AppCatalog.swift in Sources */ = {isa = PBXBuildFile; fileRef = 0881A55CC062026A15D2CA32 /* AppCatalog.swift */; };
		58503F6C6DF464212345C782 /* GRPCCore in Frameworks */ = {isa = PBXBuildFile; productRef = 445DC3386FDCE17BCCC2B066 /* GRPCCore */; };
		58ECA5E40F03CB4DF6CEE9D5 /* emulator_controller.pb.swift in Sources */ = {isa = PBXBuildFile; fileRef = B03E372EFDD2E7209486A297 /* emulator_controller.pb.swift */; };
		5BED7C77B83C9EFC0446B35B /* ADBClient.swift in Sources */ = {isa = PBXBuildFile; fileRef = D362A76038AC1539084E0C91 /* ADBClient.swift */; };
		5D1E4E139E477BECD07AC394 /* sys-img2-3-google_apis_playstore.xml in Resources */ = {isa = PBXBuildFile; fileRef = 2BF61486FE65CE6C3E828F58 /* sys-img2-3-google_apis_playstore.xml */; };
		5F23F18B68E72A025E5706FC /* GRPCFrameStream.swift in Sources */ = {isa = PBXBuildFile; fileRef = 1251AF66DD330E75DAB14764 /* GRPCFrameStream.swift */; };
		66333852CE175EA5B205C334 /* repository2-3.xml in Resources */ = {isa = PBXBuildFile; fileRef = 090CB98708F1393EC5B9734B /* repository2-3.xml */; };
		7149417C9B07D1A70E5E823A /* TaskListParser.swift in Sources */ = {isa = PBXBuildFile; fileRef = 0153680F5AF2A7C37781EC02 /* TaskListParser.swift */; };
		72878AF614B68F431C319FC1 /* Fixtures.swift in Sources */ = {isa = PBXBuildFile; fileRef = D33673B8336A94A1482B777B /* Fixtures.swift */; };
		7411697D9DF7527F3A5BF601 /* RunnerCoordinator.swift in Sources */ = {isa = PBXBuildFile; fileRef = 9527B63F45D781AEBA9D04D8 /* RunnerCoordinator.swift */; };
		758C080466516C735A2811D3 /* GRPCNIOTransportHTTP2 in Frameworks */ = {isa = PBXBuildFile; productRef = DA1C401E4BC3BE10F92DECFD /* GRPCNIOTransportHTTP2 */; };
		7ADCE4567CE528FBEF2668A7 /* RepositoryManifest.swift in Sources */ = {isa = PBXBuildFile; fileRef = F4EEB9E9B9C70962CE1DC8E0 /* RepositoryManifest.swift */; };
		85AC3A481F64A86A0114DDD2 /* SetupView.swift in Sources */ = {isa = PBXBuildFile; fileRef = 288006F2D89BA93153661030 /* SetupView.swift */; };
		9270EED7C4A7877038C74048 /* dumpsys-display-0only.txt in Resources */ = {isa = PBXBuildFile; fileRef = 99E4CD2BF5100ED30E309E41 /* dumpsys-display-0only.txt */; };
		92F8011341AB14AE2245D55C /* Log.swift in Sources */ = {isa = PBXBuildFile; fileRef = 4EBECB07D856B12DBE37E814 /* Log.swift */; };
		934430C1A628779654F1ADFB /* PackageListParser.swift in Sources */ = {isa = PBXBuildFile; fileRef = 2D977D1AED3E09E8F860BD4F /* PackageListParser.swift */; };
		950217BC4475A5A124BF30C1 /* EmulatorClient.swift in Sources */ = {isa = PBXBuildFile; fileRef = 9AC469BD6E4D1F1771677073 /* EmulatorClient.swift */; };
		99DE1B08E68D655995C24AC8 /* Assets.xcassets in Resources */ = {isa = PBXBuildFile; fileRef = D0B1023279E4B3259D504121 /* Assets.xcassets */; };
		9DF28E83C5BA4015CCEAAE13 /* URLSchemeHandler.swift in Sources */ = {isa = PBXBuildFile; fileRef = 3D406DEAFE24E53816C357B7 /* URLSchemeHandler.swift */; };
		A90A5C5331FC3EB9D896D43C /* AppDelegate.swift in Sources */ = {isa = PBXBuildFile; fileRef = 1CBF416B0A5B883B21FDA708 /* AppDelegate.swift */; };
		AB37C026411B7968125D1C71 /* aapt2-badging-shadowsocks.txt in Resources */ = {isa = PBXBuildFile; fileRef = 009D1ACF63C4210B90F2FEBC /* aapt2-badging-shadowsocks.txt */; };
		AEBEF56C0F6C58A5D1926202 /* CoordinateMapper.swift in Sources */ = {isa = PBXBuildFile; fileRef = 74ABD6350ADD5908064D3784 /* CoordinateMapper.swift */; };
		B12F626A6C13452F346F9143 /* IconExtractor.swift in Sources */ = {isa = PBXBuildFile; fileRef = 88C75567297A5F15B75AF79A /* IconExtractor.swift */; };
		B2FBA44C19BC7C79ED68A18D /* InputTests.swift in Sources */ = {isa = PBXBuildFile; fileRef = EFDB7A01A5AD49CA0C5AB45D /* InputTests.swift */; };
		B4F5FE778B5F0251CFF660EE /* ParserTests.swift in Sources */ = {isa = PBXBuildFile; fileRef = 15D436BECE406CDF4CF4A2B6 /* ParserTests.swift */; };
		BFDE7809D229247E6EFE2095 /* ClipboardSync.swift in Sources */ = {isa = PBXBuildFile; fileRef = 2CD86C43A8457EB294C03F65 /* ClipboardSync.swift */; };
		C187B9E652C569D68004C877 /* BootWaiter.swift in Sources */ = {isa = PBXBuildFile; fileRef = 91F4B8FD2BD96865D07D447F /* BootWaiter.swift */; };
		C80ACA01858586F47CDA12FB /* ParkedOverlayView.swift in Sources */ = {isa = PBXBuildFile; fileRef = 2E44509028489E1E664B94CE /* ParkedOverlayView.swift */; };
		CA45D1361023712A1ACE01B6 /* DisplaySlotPool.swift in Sources */ = {isa = PBXBuildFile; fileRef = 55B5EFC9AB1131067625998B /* DisplaySlotPool.swift */; };
		CBF9B27B1A47FD6C45E718FB /* PasteboardClipboard.swift in Sources */ = {isa = PBXBuildFile; fileRef = B4D446A543E83E025525F79C /* PasteboardClipboard.swift */; };
		D1E2781D3F02B9FFE07DC4B5 /* AAPT2Fetcher.swift in Sources */ = {isa = PBXBuildFile; fileRef = 465345BC16DCFDB9285B1728 /* AAPT2Fetcher.swift */; };
		D318CB2FFBFF093EA53D21CA /* LibraryView.swift in Sources */ = {isa = PBXBuildFile; fileRef = 990969E158C4113474927BCC /* LibraryView.swift */; };
		D680DFB830782267ABBA47E3 /* GuestSetup.swift in Sources */ = {isa = PBXBuildFile; fileRef = 56F8111A12742ED2A05FCAC1 /* GuestSetup.swift */; };
		D6F00B26CA41D1E40D787441 /* CatalogTests.swift in Sources */ = {isa = PBXBuildFile; fileRef = 02F0115005DC4168E79C27A4 /* CatalogTests.swift */; };
		E03F70E70AB6F71FE619864F /* SDKPaths.swift in Sources */ = {isa = PBXBuildFile; fileRef = 46EA92D29680826D012674D2 /* SDKPaths.swift */; };
		E87B6C6710202565F7E26A3A /* EmulatorLaunchOptions.swift in Sources */ = {isa = PBXBuildFile; fileRef = EC00B8A031594370601237CE /* EmulatorLaunchOptions.swift */; };
		EAC02BB7598820042B966354 /* DisplaySlot.swift in Sources */ = {isa = PBXBuildFile; fileRef = 294E2B8FA49832FA3696FD0F /* DisplaySlot.swift */; };
		EF6D2D38570D34B0A6355B24 /* SettingsView.swift in Sources */ = {isa = PBXBuildFile; fileRef = AFAEEF3BF78AF9FAF1BB4502 /* SettingsView.swift */; };
		F2139EDC7DB14F32EFFC28FF /* EmulatorKitError.swift in Sources */ = {isa = PBXBuildFile; fileRef = 51EC7F726A36760B28CD5675 /* EmulatorKitError.swift */; };
		F2AC1D63DD397A732D6D1578 /* RunnerSettings.swift in Sources */ = {isa = PBXBuildFile; fileRef = B1DE1B6E9391BD8D85DA17B6 /* RunnerSettings.swift */; };
		F5531E1CEA4BF9D98614DA52 /* WindowManager.swift in Sources */ = {isa = PBXBuildFile; fileRef = 84F511954533387288DA803D /* WindowManager.swift */; };
		F5DA019E52B3A38BA6883E87 /* AVDStore.swift in Sources */ = {isa = PBXBuildFile; fileRef = 18D4EA976A18E4F28FCD41A6 /* AVDStore.swift */; };
		F7210328D35EE488213C7D6D /* FrameView.swift in Sources */ = {isa = PBXBuildFile; fileRef = 9008F8515F05DA31D91B7D4E /* FrameView.swift */; };
		F7B4C9B930F421C14B9165F1 /* ScrollGesture.swift in Sources */ = {isa = PBXBuildFile; fileRef = 1BB17D44A78267B5C4387007 /* ScrollGesture.swift */; };
		F8823310259DE9EDB3503CC9 /* EmulatorConnection.swift in Sources */ = {isa = PBXBuildFile; fileRef = 3EBFFCC065C62AF66BCD669B /* EmulatorConnection.swift */; };
		F97F912DFD657080000A24BA /* aapt2-maven-metadata.xml in Resources */ = {isa = PBXBuildFile; fileRef = 8F0E0A75BF6FF710F5BFB667 /* aapt2-maven-metadata.xml */; };
		FA8B5B23BDD3302184F55273 /* AVDConfig.swift in Sources */ = {isa = PBXBuildFile; fileRef = 320090F245AA70A402AE5F8D /* AVDConfig.swift */; };
		FCB08B297A5A015022C06907 /* Downloader.swift in Sources */ = {isa = PBXBuildFile; fileRef = 785EA3FC77E5AD4DF795D4D3 /* Downloader.swift */; };
		FF7F0EBD274457C85F03BC0D /* MainMenu.swift in Sources */ = {isa = PBXBuildFile; fileRef = F481936076E969ABDA2E3ACE /* MainMenu.swift */; };
/* End PBXBuildFile section */

/* Begin PBXContainerItemProxy section */
		2AEA912A92544CA94C7BE806 /* PBXContainerItemProxy */ = {
			isa = PBXContainerItemProxy;
			containerPortal = EC3898795CFFF28914F20A31 /* Project object */;
			proxyType = 1;
			remoteGlobalIDString = 4D851099FE8B7E8E0E55CE6B;
			remoteInfo = EmulatorKit;
		};
		3D7B5257F735145D96E9B8DD /* PBXContainerItemProxy */ = {
			isa = PBXContainerItemProxy;
			containerPortal = EC3898795CFFF28914F20A31 /* Project object */;
			proxyType = 1;
			remoteGlobalIDString = 4D851099FE8B7E8E0E55CE6B;
			remoteInfo = EmulatorKit;
		};
/* End PBXContainerItemProxy section */

/* Begin PBXCopyFilesBuildPhase section */
		25F682702F1D95D3E87CAF6A /* Embed Frameworks */ = {
			isa = PBXCopyFilesBuildPhase;
			buildActionMask = 2147483647;
			dstPath = "";
			dstSubfolderSpec = 10;
			files = (
				35DFD191990CFCB84F3BC907 /* EmulatorKit.framework in Embed Frameworks */,
			);
			name = "Embed Frameworks";
			runOnlyForDeploymentPostprocessing = 0;
		};
		6D889CFE35A29A056753EA4A /* Embed Frameworks */ = {
			isa = PBXCopyFilesBuildPhase;
			buildActionMask = 2147483647;
			dstPath = "";
			dstSubfolderSpec = 10;
			files = (
				51233549F17D5450C31BA824 /* EmulatorKit.framework in Embed Frameworks */,
			);
			name = "Embed Frameworks";
			runOnlyForDeploymentPostprocessing = 0;
		};
/* End PBXCopyFilesBuildPhase section */

/* Begin PBXFileReference section */
		009D1ACF63C4210B90F2FEBC /* aapt2-badging-shadowsocks.txt */ = {isa = PBXFileReference; lastKnownFileType = text; path = "aapt2-badging-shadowsocks.txt"; sourceTree = "<group>"; };
		0153680F5AF2A7C37781EC02 /* TaskListParser.swift */ = {isa = PBXFileReference; lastKnownFileType = sourcecode.swift; path = TaskListParser.swift; sourceTree = "<group>"; };
		02F0115005DC4168E79C27A4 /* CatalogTests.swift */ = {isa = PBXFileReference; lastKnownFileType = sourcecode.swift; path = CatalogTests.swift; sourceTree = "<group>"; };
		03FBBDBE1702D1BA1ACC35F4 /* LauncherStubBuilder.swift */ = {isa = PBXFileReference; lastKnownFileType = sourcecode.swift; path = LauncherStubBuilder.swift; sourceTree = "<group>"; };
		0881A55CC062026A15D2CA32 /* AppCatalog.swift */ = {isa = PBXFileReference; lastKnownFileType = sourcecode.swift; path = AppCatalog.swift; sourceTree = "<group>"; };
		090CB98708F1393EC5B9734B /* repository2-3.xml */ = {isa = PBXFileReference; lastKnownFileType = text.xml; path = "repository2-3.xml"; sourceTree = "<group>"; };
		0E15B909A31FE2A580B727FE /* Frame.swift */ = {isa = PBXFileReference; lastKnownFileType = sourcecode.swift; path = Frame.swift; sourceTree = "<group>"; };
		1251AF66DD330E75DAB14764 /* GRPCFrameStream.swift */ = {isa = PBXFileReference; lastKnownFileType = sourcecode.swift; path = GRPCFrameStream.swift; sourceTree = "<group>"; };
		15D436BECE406CDF4CF4A2B6 /* ParserTests.swift */ = {isa = PBXFileReference; lastKnownFileType = sourcecode.swift; path = ParserTests.swift; sourceTree = "<group>"; };
		18D4EA976A18E4F28FCD41A6 /* AVDStore.swift */ = {isa = PBXFileReference; lastKnownFileType = sourcecode.swift; path = AVDStore.swift; sourceTree = "<group>"; };
		1A0E6D4C1BC9DB7438BF016C /* AppWindowController.swift */ = {isa = PBXFileReference; lastKnownFileType = sourcecode.swift; path = AppWindowController.swift; sourceTree = "<group>"; };
		1BB17D44A78267B5C4387007 /* ScrollGesture.swift */ = {isa = PBXFileReference; lastKnownFileType = sourcecode.swift; path = ScrollGesture.swift; sourceTree = "<group>"; };
		1CBF416B0A5B883B21FDA708 /* AppDelegate.swift */ = {isa = PBXFileReference; lastKnownFileType = sourcecode.swift; path = AppDelegate.swift; sourceTree = "<group>"; };
		2236435C2D65817084826D99 /* EmulatorSession.swift */ = {isa = PBXFileReference; lastKnownFileType = sourcecode.swift; path = EmulatorSession.swift; sourceTree = "<group>"; };
		288006F2D89BA93153661030 /* SetupView.swift */ = {isa = PBXFileReference; lastKnownFileType = sourcecode.swift; path = SetupView.swift; sourceTree = "<group>"; };
		294E2B8FA49832FA3696FD0F /* DisplaySlot.swift */ = {isa = PBXFileReference; lastKnownFileType = sourcecode.swift; path = DisplaySlot.swift; sourceTree = "<group>"; };
		2B5BEC36F6EBD6FC5BE8B8A3 /* InputRouter.swift */ = {isa = PBXFileReference; lastKnownFileType = sourcecode.swift; path = InputRouter.swift; sourceTree = "<group>"; };
		2BF61486FE65CE6C3E828F58 /* sys-img2-3-google_apis_playstore.xml */ = {isa = PBXFileReference; lastKnownFileType = text.xml; path = "sys-img2-3-google_apis_playstore.xml"; sourceTree = "<group>"; };
		2CD86C43A8457EB294C03F65 /* ClipboardSync.swift */ = {isa = PBXFileReference; lastKnownFileType = sourcecode.swift; path = ClipboardSync.swift; sourceTree = "<group>"; };
		2D977D1AED3E09E8F860BD4F /* PackageListParser.swift */ = {isa = PBXFileReference; lastKnownFileType = sourcecode.swift; path = PackageListParser.swift; sourceTree = "<group>"; };
		2E44509028489E1E664B94CE /* ParkedOverlayView.swift */ = {isa = PBXFileReference; lastKnownFileType = sourcecode.swift; path = ParkedOverlayView.swift; sourceTree = "<group>"; };
		320090F245AA70A402AE5F8D /* AVDConfig.swift */ = {isa = PBXFileReference; lastKnownFileType = sourcecode.swift; path = AVDConfig.swift; sourceTree = "<group>"; };
		326729D1BCD57A8030ABD49A /* Unarchiver.swift */ = {isa = PBXFileReference; lastKnownFileType = sourcecode.swift; path = Unarchiver.swift; sourceTree = "<group>"; };
		3647A3BC73BD40ACA4C3D58A /* emulator_controller.grpc.swift */ = {isa = PBXFileReference; lastKnownFileType = sourcecode.swift; path = emulator_controller.grpc.swift; sourceTree = "<group>"; };
		3D1A220E29A385EEB559B9B6 /* AndroidAppRunner.app */ = {isa = PBXFileReference; explicitFileType = wrapper.application; includeInIndex = 0; path = AndroidAppRunner.app; sourceTree = BUILT_PRODUCTS_DIR; };
		3D406DEAFE24E53816C357B7 /* URLSchemeHandler.swift */ = {isa = PBXFileReference; lastKnownFileType = sourcecode.swift; path = URLSchemeHandler.swift; sourceTree = "<group>"; };
		3EBFFCC065C62AF66BCD669B /* EmulatorConnection.swift */ = {isa = PBXFileReference; lastKnownFileType = sourcecode.swift; path = EmulatorConnection.swift; sourceTree = "<group>"; };
		40C5777188FF8282953FDEBE /* RepositoryManifestTests.swift */ = {isa = PBXFileReference; lastKnownFileType = sourcecode.swift; path = RepositoryManifestTests.swift; sourceTree = "<group>"; };
		465345BC16DCFDB9285B1728 /* AAPT2Fetcher.swift */ = {isa = PBXFileReference; lastKnownFileType = sourcecode.swift; path = AAPT2Fetcher.swift; sourceTree = "<group>"; };
		46EA92D29680826D012674D2 /* SDKPaths.swift */ = {isa = PBXFileReference; lastKnownFileType = sourcecode.swift; path = SDKPaths.swift; sourceTree = "<group>"; };
		4EBECB07D856B12DBE37E814 /* Log.swift */ = {isa = PBXFileReference; lastKnownFileType = sourcecode.swift; path = Log.swift; sourceTree = "<group>"; };
		51EC7F726A36760B28CD5675 /* EmulatorKitError.swift */ = {isa = PBXFileReference; lastKnownFileType = sourcecode.swift; path = EmulatorKitError.swift; sourceTree = "<group>"; };
		55B5EFC9AB1131067625998B /* DisplaySlotPool.swift */ = {isa = PBXFileReference; lastKnownFileType = sourcecode.swift; path = DisplaySlotPool.swift; sourceTree = "<group>"; };
		56F8111A12742ED2A05FCAC1 /* GuestSetup.swift */ = {isa = PBXFileReference; lastKnownFileType = sourcecode.swift; path = GuestSetup.swift; sourceTree = "<group>"; };
		5AB4B5D2A7FC69ECE83C52FF /* DumpsysDisplayParser.swift */ = {isa = PBXFileReference; lastKnownFileType = sourcecode.swift; path = DumpsysDisplayParser.swift; sourceTree = "<group>"; };
		5B8C3EAA9A2A3110947593CF /* KeyMap.swift */ = {isa = PBXFileReference; lastKnownFileType = sourcecode.swift; path = KeyMap.swift; sourceTree = "<group>"; };
		70042B9A52D94A323283D1D5 /* SetupWindowController.swift */ = {isa = PBXFileReference; lastKnownFileType = sourcecode.swift; path = SetupWindowController.swift; sourceTree = "<group>"; };
		74ABD6350ADD5908064D3784 /* CoordinateMapper.swift */ = {isa = PBXFileReference; lastKnownFileType = sourcecode.swift; path = CoordinateMapper.swift; sourceTree = "<group>"; };
		785EA3FC77E5AD4DF795D4D3 /* Downloader.swift */ = {isa = PBXFileReference; lastKnownFileType = sourcecode.swift; path = Downloader.swift; sourceTree = "<group>"; };
		84F511954533387288DA803D /* WindowManager.swift */ = {isa = PBXFileReference; lastKnownFileType = sourcecode.swift; path = WindowManager.swift; sourceTree = "<group>"; };
		88C75567297A5F15B75AF79A /* IconExtractor.swift */ = {isa = PBXFileReference; lastKnownFileType = sourcecode.swift; path = IconExtractor.swift; sourceTree = "<group>"; };
		88F617A499000576A9664ADF /* EmulatorProcess.swift */ = {isa = PBXFileReference; lastKnownFileType = sourcecode.swift; path = EmulatorProcess.swift; sourceTree = "<group>"; };
		8F0E0A75BF6FF710F5BFB667 /* aapt2-maven-metadata.xml */ = {isa = PBXFileReference; lastKnownFileType = text.xml; path = "aapt2-maven-metadata.xml"; sourceTree = "<group>"; };
		9008F8515F05DA31D91B7D4E /* FrameView.swift */ = {isa = PBXFileReference; lastKnownFileType = sourcecode.swift; path = FrameView.swift; sourceTree = "<group>"; };
		91F4B8FD2BD96865D07D447F /* BootWaiter.swift */ = {isa = PBXFileReference; lastKnownFileType = sourcecode.swift; path = BootWaiter.swift; sourceTree = "<group>"; };
		9527B63F45D781AEBA9D04D8 /* RunnerCoordinator.swift */ = {isa = PBXFileReference; lastKnownFileType = sourcecode.swift; path = RunnerCoordinator.swift; sourceTree = "<group>"; };
		990969E158C4113474927BCC /* LibraryView.swift */ = {isa = PBXFileReference; lastKnownFileType = sourcecode.swift; path = LibraryView.swift; sourceTree = "<group>"; };
		99E4CD2BF5100ED30E309E41 /* dumpsys-display-0only.txt */ = {isa = PBXFileReference; lastKnownFileType = text; path = "dumpsys-display-0only.txt"; sourceTree = "<group>"; };
		9AC469BD6E4D1F1771677073 /* EmulatorClient.swift */ = {isa = PBXFileReference; lastKnownFileType = sourcecode.swift; path = EmulatorClient.swift; sourceTree = "<group>"; };
		9E41CC3DF0666A4660E623D0 /* Subprocess.swift */ = {isa = PBXFileReference; lastKnownFileType = sourcecode.swift; path = Subprocess.swift; sourceTree = "<group>"; };
		A94A28A5F13AB6760301C650 /* EmulatorKitTests.xctest */ = {isa = PBXFileReference; explicitFileType = wrapper.cfbundle; includeInIndex = 0; path = EmulatorKitTests.xctest; sourceTree = BUILT_PRODUCTS_DIR; };
		AEC30370FCECC3FF55457B93 /* SHA1.swift */ = {isa = PBXFileReference; lastKnownFileType = sourcecode.swift; path = SHA1.swift; sourceTree = "<group>"; };
		AFAEEF3BF78AF9FAF1BB4502 /* SettingsView.swift */ = {isa = PBXFileReference; lastKnownFileType = sourcecode.swift; path = SettingsView.swift; sourceTree = "<group>"; };
		B03E372EFDD2E7209486A297 /* emulator_controller.pb.swift */ = {isa = PBXFileReference; lastKnownFileType = sourcecode.swift; path = emulator_controller.pb.swift; sourceTree = "<group>"; };
		B1C746339D069D9C75EC0AF0 /* LibraryWindowController.swift */ = {isa = PBXFileReference; lastKnownFileType = sourcecode.swift; path = LibraryWindowController.swift; sourceTree = "<group>"; };
		B1DE1B6E9391BD8D85DA17B6 /* RunnerSettings.swift */ = {isa = PBXFileReference; lastKnownFileType = sourcecode.swift; path = RunnerSettings.swift; sourceTree = "<group>"; };
		B2399BF0E6D0E828987F66A2 /* RunnerState.swift */ = {isa = PBXFileReference; lastKnownFileType = sourcecode.swift; path = RunnerState.swift; sourceTree = "<group>"; };
		B4D446A543E83E025525F79C /* PasteboardClipboard.swift */ = {isa = PBXFileReference; lastKnownFileType = sourcecode.swift; path = PasteboardClipboard.swift; sourceTree = "<group>"; };
		BF6BFED59A3A0E824F57984C /* APKBadging.swift */ = {isa = PBXFileReference; lastKnownFileType = sourcecode.swift; path = APKBadging.swift; sourceTree = "<group>"; };
		C46228A1444AA4403864267D /* SDKBootstrap.swift */ = {isa = PBXFileReference; lastKnownFileType = sourcecode.swift; path = SDKBootstrap.swift; sourceTree = "<group>"; };
		CB35C8405EAAE63FA357CAB9 /* DebugHooks.swift */ = {isa = PBXFileReference; lastKnownFileType = sourcecode.swift; path = DebugHooks.swift; sourceTree = "<group>"; };
		D0B1023279E4B3259D504121 /* Assets.xcassets */ = {isa = PBXFileReference; lastKnownFileType = folder.assetcatalog; path = Assets.xcassets; sourceTree = "<group>"; };
		D33673B8336A94A1482B777B /* Fixtures.swift */ = {isa = PBXFileReference; lastKnownFileType = sourcecode.swift; path = Fixtures.swift; sourceTree = "<group>"; };
		D362A76038AC1539084E0C91 /* ADBClient.swift */ = {isa = PBXFileReference; lastKnownFileType = sourcecode.swift; path = ADBClient.swift; sourceTree = "<group>"; };
		D380E3E46C4247FBF8144094 /* dumpsys-display-1secondary.txt */ = {isa = PBXFileReference; lastKnownFileType = text; path = "dumpsys-display-1secondary.txt"; sourceTree = "<group>"; };
		D4B02D64CB0EB7E1330734E7 /* EmulatorKit.framework */ = {isa = PBXFileReference; explicitFileType = wrapper.framework; includeInIndex = 0; path = EmulatorKit.framework; sourceTree = BUILT_PRODUCTS_DIR; };
		DB8A8526ECA3D0D876A3F66F /* Info.plist */ = {isa = PBXFileReference; lastKnownFileType = text.plist; path = Info.plist; sourceTree = "<group>"; };
		EB2B482FDA54FD15CD87E8FC /* PortAllocator.swift */ = {isa = PBXFileReference; lastKnownFileType = sourcecode.swift; path = PortAllocator.swift; sourceTree = "<group>"; };
		EC00B8A031594370601237CE /* EmulatorLaunchOptions.swift */ = {isa = PBXFileReference; lastKnownFileType = sourcecode.swift; path = EmulatorLaunchOptions.swift; sourceTree = "<group>"; };
		EFDB7A01A5AD49CA0C5AB45D /* InputTests.swift */ = {isa = PBXFileReference; lastKnownFileType = sourcecode.swift; path = InputTests.swift; sourceTree = "<group>"; };
		F481936076E969ABDA2E3ACE /* MainMenu.swift */ = {isa = PBXFileReference; lastKnownFileType = sourcecode.swift; path = MainMenu.swift; sourceTree = "<group>"; };
		F4EEB9E9B9C70962CE1DC8E0 /* RepositoryManifest.swift */ = {isa = PBXFileReference; lastKnownFileType = sourcecode.swift; path = RepositoryManifest.swift; sourceTree = "<group>"; };
		FC59F9AB29D4F2CECA477731 /* InputChannel.swift */ = {isa = PBXFileReference; lastKnownFileType = sourcecode.swift; path = InputChannel.swift; sourceTree = "<group>"; };
		FF51EE94139FE9AD64718E95 /* dumpsys-display-3secondary.txt */ = {isa = PBXFileReference; lastKnownFileType = text; path = "dumpsys-display-3secondary.txt"; sourceTree = "<group>"; };
/* End PBXFileReference section */

/* Begin PBXFrameworksBuildPhase section */
		26276A988EA018592699D7F4 /* Frameworks */ = {
			isa = PBXFrameworksBuildPhase;
			buildActionMask = 2147483647;
			files = (
				49B461F906EA57AF66F82DD2 /* EmulatorKit.framework in Frameworks */,
			);
			runOnlyForDeploymentPostprocessing = 0;
		};
		87628B9746AB948FD4819397 /* Frameworks */ = {
			isa = PBXFrameworksBuildPhase;
			buildActionMask = 2147483647;
			files = (
				22BBAC79AEE3987A28BFFAA9 /* EmulatorKit.framework in Frameworks */,
			);
			runOnlyForDeploymentPostprocessing = 0;
		};
		E30AD0D5C97FD22B724A290E /* Frameworks */ = {
			isa = PBXFrameworksBuildPhase;
			buildActionMask = 2147483647;
			files = (
				58503F6C6DF464212345C782 /* GRPCCore in Frameworks */,
				758C080466516C735A2811D3 /* GRPCNIOTransportHTTP2 in Frameworks */,
				1A92F8FB1ACBE9094F550BCD /* GRPCProtobuf in Frameworks */,
				244AA171119E4FBEE3079805 /* SwiftProtobuf in Frameworks */,
			);
			runOnlyForDeploymentPostprocessing = 0;
		};
/* End PBXFrameworksBuildPhase section */

/* Begin PBXGroup section */
		1113BBCBE032DC48617A0776 /* AVD */ = {
			isa = PBXGroup;
			children = (
				320090F245AA70A402AE5F8D /* AVDConfig.swift */,
				18D4EA976A18E4F28FCD41A6 /* AVDStore.swift */,
			);
			path = AVD;
			sourceTree = "<group>";
		};
		12E9038520B21BBC37E204BC = {
			isa = PBXGroup;
			children = (
				1FF19517648FCE3FEB1B1D36 /* AndroidAppRunner */,
				7B73E415A5A95BD164E7A0E0 /* EmulatorKit */,
				C8499387E47533D539759834 /* EmulatorKitTests */,
				A114420DF28C6C4191EB99DD /* Products */,
			);
			sourceTree = "<group>";
		};
		1FF19517648FCE3FEB1B1D36 /* AndroidAppRunner */ = {
			isa = PBXGroup;
			children = (
				1CBF416B0A5B883B21FDA708 /* AppDelegate.swift */,
				D0B1023279E4B3259D504121 /* Assets.xcassets */,
				DB8A8526ECA3D0D876A3F66F /* Info.plist */,
				84F511954533387288DA803D /* WindowManager.swift */,
				A7F59B6C1DB8478CDC552410 /* AppWindow */,
				DF1C2516CE0A3027550715C4 /* Clipboard */,
				9246C1A6ED31CD57ACE3B23A /* Device */,
				DB77D37C9747EC9CD8577F73 /* Launchers */,
				A5287D9EBF922524881E8947 /* Library */,
				8C012697E69B46C8D89504E9 /* Menu */,
				838262D8A7FB6D4E7D5FC55A /* Settings */,
				2F79E68DB859BAD92A6463D4 /* Setup */,
			);
			path = AndroidAppRunner;
			sourceTree = "<group>";
		};
		223CCCBF0ED7891AD8607FD3 /* Generated */ = {
			isa = PBXGroup;
			children = (
				3647A3BC73BD40ACA4C3D58A /* emulator_controller.grpc.swift */,
				B03E372EFDD2E7209486A297 /* emulator_controller.pb.swift */,
			);
			path = Generated;
			sourceTree = "<group>";
		};
		2339B050EC7B01A9225D7212 /* Clipboard */ = {
			isa = PBXGroup;
			children = (
				2CD86C43A8457EB294C03F65 /* ClipboardSync.swift */,
			);
			path = Clipboard;
			sourceTree = "<group>";
		};
		2622BA47D953D85A8822C9D4 /* Fixtures */ = {
			isa = PBXGroup;
			children = (
				009D1ACF63C4210B90F2FEBC /* aapt2-badging-shadowsocks.txt */,
				8F0E0A75BF6FF710F5BFB667 /* aapt2-maven-metadata.xml */,
				99E4CD2BF5100ED30E309E41 /* dumpsys-display-0only.txt */,
				D380E3E46C4247FBF8144094 /* dumpsys-display-1secondary.txt */,
				FF51EE94139FE9AD64718E95 /* dumpsys-display-3secondary.txt */,
				090CB98708F1393EC5B9734B /* repository2-3.xml */,
				2BF61486FE65CE6C3E828F58 /* sys-img2-3-google_apis_playstore.xml */,
			);
			path = Fixtures;
			sourceTree = "<group>";
		};
		2F79E68DB859BAD92A6463D4 /* Setup */ = {
			isa = PBXGroup;
			children = (
				288006F2D89BA93153661030 /* SetupView.swift */,
				70042B9A52D94A323283D1D5 /* SetupWindowController.swift */,
			);
			path = Setup;
			sourceTree = "<group>";
		};
		3896D9C893808846530F65DE /* SDK */ = {
			isa = PBXGroup;
			children = (
				785EA3FC77E5AD4DF795D4D3 /* Downloader.swift */,
				F4EEB9E9B9C70962CE1DC8E0 /* RepositoryManifest.swift */,
				C46228A1444AA4403864267D /* SDKBootstrap.swift */,
				46EA92D29680826D012674D2 /* SDKPaths.swift */,
				326729D1BCD57A8030ABD49A /* Unarchiver.swift */,
			);
			path = SDK;
			sourceTree = "<group>";
		};
		526E72460400B4ED7C199D6D /* Input */ = {
			isa = PBXGroup;
			children = (
				74ABD6350ADD5908064D3784 /* CoordinateMapper.swift */,
				FC59F9AB29D4F2CECA477731 /* InputChannel.swift */,
				2B5BEC36F6EBD6FC5BE8B8A3 /* InputRouter.swift */,
				5B8C3EAA9A2A3110947593CF /* KeyMap.swift */,
				1BB17D44A78267B5C4387007 /* ScrollGesture.swift */,
			);
			path = Input;
			sourceTree = "<group>";
		};
		7965C10D8F37E2904C08C5F6 /* Support */ = {
			isa = PBXGroup;
			children = (
				51EC7F726A36760B28CD5675 /* EmulatorKitError.swift */,
				4EBECB07D856B12DBE37E814 /* Log.swift */,
				AEC30370FCECC3FF55457B93 /* SHA1.swift */,
				9E41CC3DF0666A4660E623D0 /* Subprocess.swift */,
			);
			path = Support;
			sourceTree = "<group>";
		};
		7B73E415A5A95BD164E7A0E0 /* EmulatorKit */ = {
			isa = PBXGroup;
			children = (
				DD3AB62F9486C4A019C464F9 /* ADB */,
				1113BBCBE032DC48617A0776 /* AVD */,
				FE8E61F005E76606A7CA7C42 /* Catalog */,
				8EB35B0D70593522E71BFEAA /* Client */,
				2339B050EC7B01A9225D7212 /* Clipboard */,
				D8D108E88530F7F85FA44D91 /* Display */,
				7CC600A52A0E6C69F0A78D16 /* Emulator */,
				CF07592FD11EDBE385413F65 /* Frames */,
				223CCCBF0ED7891AD8607FD3 /* Generated */,
				526E72460400B4ED7C199D6D /* Input */,
				C5C7764D3F71DF42757630ED /* Runner */,
				3896D9C893808846530F65DE /* SDK */,
				7965C10D8F37E2904C08C5F6 /* Support */,
			);
			path = EmulatorKit;
			sourceTree = "<group>";
		};
		7CC600A52A0E6C69F0A78D16 /* Emulator */ = {
			isa = PBXGroup;
			children = (
				91F4B8FD2BD96865D07D447F /* BootWaiter.swift */,
				EC00B8A031594370601237CE /* EmulatorLaunchOptions.swift */,
				88F617A499000576A9664ADF /* EmulatorProcess.swift */,
				56F8111A12742ED2A05FCAC1 /* GuestSetup.swift */,
				EB2B482FDA54FD15CD87E8FC /* PortAllocator.swift */,
			);
			path = Emulator;
			sourceTree = "<group>";
		};
		838262D8A7FB6D4E7D5FC55A /* Settings */ = {
			isa = PBXGroup;
			children = (
				AFAEEF3BF78AF9FAF1BB4502 /* SettingsView.swift */,
			);
			path = Settings;
			sourceTree = "<group>";
		};
		8C012697E69B46C8D89504E9 /* Menu */ = {
			isa = PBXGroup;
			children = (
				F481936076E969ABDA2E3ACE /* MainMenu.swift */,
			);
			path = Menu;
			sourceTree = "<group>";
		};
		8EB35B0D70593522E71BFEAA /* Client */ = {
			isa = PBXGroup;
			children = (
				9AC469BD6E4D1F1771677073 /* EmulatorClient.swift */,
				3EBFFCC065C62AF66BCD669B /* EmulatorConnection.swift */,
			);
			path = Client;
			sourceTree = "<group>";
		};
		9246C1A6ED31CD57ACE3B23A /* Device */ = {
			isa = PBXGroup;
			children = (
			);
			path = Device;
			sourceTree = "<group>";
		};
		A114420DF28C6C4191EB99DD /* Products */ = {
			isa = PBXGroup;
			children = (
				3D1A220E29A385EEB559B9B6 /* AndroidAppRunner.app */,
				D4B02D64CB0EB7E1330734E7 /* EmulatorKit.framework */,
				A94A28A5F13AB6760301C650 /* EmulatorKitTests.xctest */,
			);
			name = Products;
			sourceTree = "<group>";
		};
		A5287D9EBF922524881E8947 /* Library */ = {
			isa = PBXGroup;
			children = (
				990969E158C4113474927BCC /* LibraryView.swift */,
				B1C746339D069D9C75EC0AF0 /* LibraryWindowController.swift */,
			);
			path = Library;
			sourceTree = "<group>";
		};
		A7F59B6C1DB8478CDC552410 /* AppWindow */ = {
			isa = PBXGroup;
			children = (
				1A0E6D4C1BC9DB7438BF016C /* AppWindowController.swift */,
				9008F8515F05DA31D91B7D4E /* FrameView.swift */,
				2E44509028489E1E664B94CE /* ParkedOverlayView.swift */,
			);
			path = AppWindow;
			sourceTree = "<group>";
		};
		C5C7764D3F71DF42757630ED /* Runner */ = {
			isa = PBXGroup;
			children = (
				2236435C2D65817084826D99 /* EmulatorSession.swift */,
				9527B63F45D781AEBA9D04D8 /* RunnerCoordinator.swift */,
				B1DE1B6E9391BD8D85DA17B6 /* RunnerSettings.swift */,
				B2399BF0E6D0E828987F66A2 /* RunnerState.swift */,
			);
			path = Runner;
			sourceTree = "<group>";
		};
		C8499387E47533D539759834 /* EmulatorKitTests */ = {
			isa = PBXGroup;
			children = (
				02F0115005DC4168E79C27A4 /* CatalogTests.swift */,
				D33673B8336A94A1482B777B /* Fixtures.swift */,
				EFDB7A01A5AD49CA0C5AB45D /* InputTests.swift */,
				15D436BECE406CDF4CF4A2B6 /* ParserTests.swift */,
				40C5777188FF8282953FDEBE /* RepositoryManifestTests.swift */,
				2622BA47D953D85A8822C9D4 /* Fixtures */,
			);
			path = EmulatorKitTests;
			sourceTree = "<group>";
		};
		CF07592FD11EDBE385413F65 /* Frames */ = {
			isa = PBXGroup;
			children = (
				0E15B909A31FE2A580B727FE /* Frame.swift */,
				1251AF66DD330E75DAB14764 /* GRPCFrameStream.swift */,
			);
			path = Frames;
			sourceTree = "<group>";
		};
		D8D108E88530F7F85FA44D91 /* Display */ = {
			isa = PBXGroup;
			children = (
				294E2B8FA49832FA3696FD0F /* DisplaySlot.swift */,
				55B5EFC9AB1131067625998B /* DisplaySlotPool.swift */,
			);
			path = Display;
			sourceTree = "<group>";
		};
		DB77D37C9747EC9CD8577F73 /* Launchers */ = {
			isa = PBXGroup;
			children = (
				CB35C8405EAAE63FA357CAB9 /* DebugHooks.swift */,
				03FBBDBE1702D1BA1ACC35F4 /* LauncherStubBuilder.swift */,
				3D406DEAFE24E53816C357B7 /* URLSchemeHandler.swift */,
			);
			path = Launchers;
			sourceTree = "<group>";
		};
		DD3AB62F9486C4A019C464F9 /* ADB */ = {
			isa = PBXGroup;
			children = (
				D362A76038AC1539084E0C91 /* ADBClient.swift */,
				5AB4B5D2A7FC69ECE83C52FF /* DumpsysDisplayParser.swift */,
				2D977D1AED3E09E8F860BD4F /* PackageListParser.swift */,
				0153680F5AF2A7C37781EC02 /* TaskListParser.swift */,
			);
			path = ADB;
			sourceTree = "<group>";
		};
		DF1C2516CE0A3027550715C4 /* Clipboard */ = {
			isa = PBXGroup;
			children = (
				B4D446A543E83E025525F79C /* PasteboardClipboard.swift */,
			);
			path = Clipboard;
			sourceTree = "<group>";
		};
		FE8E61F005E76606A7CA7C42 /* Catalog */ = {
			isa = PBXGroup;
			children = (
				465345BC16DCFDB9285B1728 /* AAPT2Fetcher.swift */,
				BF6BFED59A3A0E824F57984C /* APKBadging.swift */,
				0881A55CC062026A15D2CA32 /* AppCatalog.swift */,
				88C75567297A5F15B75AF79A /* IconExtractor.swift */,
			);
			path = Catalog;
			sourceTree = "<group>";
		};
/* End PBXGroup section */

/* Begin PBXNativeTarget section */
		1F1890C2C9F2EABC176ADBD4 /* EmulatorKitTests */ = {
			isa = PBXNativeTarget;
			buildConfigurationList = 4F898BB496B8A79FB92CF2E7 /* Build configuration list for PBXNativeTarget "EmulatorKitTests" */;
			buildPhases = (
				B578AEA178D620FFC8541E4B /* Sources */,
				967444EF8628EA4E4E25E4AD /* Resources */,
				87628B9746AB948FD4819397 /* Frameworks */,
				25F682702F1D95D3E87CAF6A /* Embed Frameworks */,
			);
			buildRules = (
			);
			dependencies = (
				0665DC0351EE4A78A5FFF38C /* PBXTargetDependency */,
			);
			name = EmulatorKitTests;
			packageProductDependencies = (
			);
			productName = EmulatorKitTests;
			productReference = A94A28A5F13AB6760301C650 /* EmulatorKitTests.xctest */;
			productType = "com.apple.product-type.bundle.unit-test";
		};
		4D851099FE8B7E8E0E55CE6B /* EmulatorKit */ = {
			isa = PBXNativeTarget;
			buildConfigurationList = 3B79D55C6FB40327ABC5C435 /* Build configuration list for PBXNativeTarget "EmulatorKit" */;
			buildPhases = (
				8A7EE1B35EDE53B5F0009F26 /* Sources */,
				E30AD0D5C97FD22B724A290E /* Frameworks */,
			);
			buildRules = (
			);
			dependencies = (
			);
			name = EmulatorKit;
			packageProductDependencies = (
				445DC3386FDCE17BCCC2B066 /* GRPCCore */,
				DA1C401E4BC3BE10F92DECFD /* GRPCNIOTransportHTTP2 */,
				E82E8899E20A97A98C976ADD /* GRPCProtobuf */,
				E9C763E8C714FB6D2AF8BE67 /* SwiftProtobuf */,
			);
			productName = EmulatorKit;
			productReference = D4B02D64CB0EB7E1330734E7 /* EmulatorKit.framework */;
			productType = "com.apple.product-type.framework";
		};
		FA1D66FD67A4BB4B7B6BA0E3 /* AndroidAppRunner */ = {
			isa = PBXNativeTarget;
			buildConfigurationList = FEC8470720A34C667B9F3149 /* Build configuration list for PBXNativeTarget "AndroidAppRunner" */;
			buildPhases = (
				2A6472BB1443E73527C1762A /* Sources */,
				BD703C370112A6422F899A40 /* Resources */,
				26276A988EA018592699D7F4 /* Frameworks */,
				6D889CFE35A29A056753EA4A /* Embed Frameworks */,
			);
			buildRules = (
			);
			dependencies = (
				663C922B3FBCF8C4471476BD /* PBXTargetDependency */,
			);
			name = AndroidAppRunner;
			packageProductDependencies = (
			);
			productName = AndroidAppRunner;
			productReference = 3D1A220E29A385EEB559B9B6 /* AndroidAppRunner.app */;
			productType = "com.apple.product-type.application";
		};
/* End PBXNativeTarget section */

/* Begin PBXProject section */
		EC3898795CFFF28914F20A31 /* Project object */ = {
			isa = PBXProject;
			attributes = {
				BuildIndependentTargetsInParallel = YES;
				LastUpgradeCheck = 1430;
				TargetAttributes = {
					1F1890C2C9F2EABC176ADBD4 = {
						ProvisioningStyle = Automatic;
					};
					4D851099FE8B7E8E0E55CE6B = {
						ProvisioningStyle = Automatic;
					};
					FA1D66FD67A4BB4B7B6BA0E3 = {
						ProvisioningStyle = Automatic;
					};
				};
			};
			buildConfigurationList = 950D81E6CA96820193F4B03B /* Build configuration list for PBXProject "AndroidAppRunner" */;
			developmentRegion = en;
			hasScannedForEncodings = 0;
			knownRegions = (
				Base,
				en,
			);
			mainGroup = 12E9038520B21BBC37E204BC;
			minimizedProjectReferenceProxies = 1;
			packageReferences = (
				E0C800425DE5EB1FA341D6ED /* XCRemoteSwiftPackageReference "grpc-swift-2" */,
				33D8F287E7AA7499BEAA3F50 /* XCRemoteSwiftPackageReference "grpc-swift-nio-transport" */,
				100E13524928CBF321B6ED3B /* XCRemoteSwiftPackageReference "grpc-swift-protobuf" */,
				7C6C962E089061188BB38151 /* XCRemoteSwiftPackageReference "swift-protobuf" */,
			);
			preferredProjectObjectVersion = 77;
			productRefGroup = A114420DF28C6C4191EB99DD /* Products */;
			projectDirPath = "";
			projectRoot = "";
			targets = (
				FA1D66FD67A4BB4B7B6BA0E3 /* AndroidAppRunner */,
				4D851099FE8B7E8E0E55CE6B /* EmulatorKit */,
				1F1890C2C9F2EABC176ADBD4 /* EmulatorKitTests */,
			);
		};
/* End PBXProject section */

/* Begin PBXResourcesBuildPhase section */
		967444EF8628EA4E4E25E4AD /* Resources */ = {
			isa = PBXResourcesBuildPhase;
			buildActionMask = 2147483647;
			files = (
				AB37C026411B7968125D1C71 /* aapt2-badging-shadowsocks.txt in Resources */,
				F97F912DFD657080000A24BA /* aapt2-maven-metadata.xml in Resources */,
				9270EED7C4A7877038C74048 /* dumpsys-display-0only.txt in Resources */,
				2A009FFB36499B75A61FD159 /* dumpsys-display-1secondary.txt in Resources */,
				0973B3FD7219D12A51373030 /* dumpsys-display-3secondary.txt in Resources */,
				66333852CE175EA5B205C334 /* repository2-3.xml in Resources */,
				5D1E4E139E477BECD07AC394 /* sys-img2-3-google_apis_playstore.xml in Resources */,
			);
			runOnlyForDeploymentPostprocessing = 0;
		};
		BD703C370112A6422F899A40 /* Resources */ = {
			isa = PBXResourcesBuildPhase;
			buildActionMask = 2147483647;
			files = (
				99DE1B08E68D655995C24AC8 /* Assets.xcassets in Resources */,
			);
			runOnlyForDeploymentPostprocessing = 0;
		};
/* End PBXResourcesBuildPhase section */

/* Begin PBXSourcesBuildPhase section */
		2A6472BB1443E73527C1762A /* Sources */ = {
			isa = PBXSourcesBuildPhase;
			buildActionMask = 2147483647;
			files = (
				A90A5C5331FC3EB9D896D43C /* AppDelegate.swift in Sources */,
				3E01067481E96C2BFAAD0567 /* AppWindowController.swift in Sources */,
				1F59DE4DEB07109C6C023B9D /* DebugHooks.swift in Sources */,
				F7210328D35EE488213C7D6D /* FrameView.swift in Sources */,
				2DE3DA1244FEB429341774D8 /* LauncherStubBuilder.swift in Sources */,
				D318CB2FFBFF093EA53D21CA /* LibraryView.swift in Sources */,
				33F3442434F8AEFB661F56F1 /* LibraryWindowController.swift in Sources */,
				FF7F0EBD274457C85F03BC0D /* MainMenu.swift in Sources */,
				C80ACA01858586F47CDA12FB /* ParkedOverlayView.swift in Sources */,
				CBF9B27B1A47FD6C45E718FB /* PasteboardClipboard.swift in Sources */,
				EF6D2D38570D34B0A6355B24 /* SettingsView.swift in Sources */,
				85AC3A481F64A86A0114DDD2 /* SetupView.swift in Sources */,
				4E79C1FCE84DFF8BDEDF8B51 /* SetupWindowController.swift in Sources */,
				9DF28E83C5BA4015CCEAAE13 /* URLSchemeHandler.swift in Sources */,
				F5531E1CEA4BF9D98614DA52 /* WindowManager.swift in Sources */,
			);
			runOnlyForDeploymentPostprocessing = 0;
		};
		8A7EE1B35EDE53B5F0009F26 /* Sources */ = {
			isa = PBXSourcesBuildPhase;
			buildActionMask = 2147483647;
			files = (
				D1E2781D3F02B9FFE07DC4B5 /* AAPT2Fetcher.swift in Sources */,
				5BED7C77B83C9EFC0446B35B /* ADBClient.swift in Sources */,
				3C5464EBD61E6D092E9300AE /* APKBadging.swift in Sources */,
				FA8B5B23BDD3302184F55273 /* AVDConfig.swift in Sources */,
				F5DA019E52B3A38BA6883E87 /* AVDStore.swift in Sources */,
				551F6C3A26A223B47FBEC9C0 /* AppCatalog.swift in Sources */,
				C187B9E652C569D68004C877 /* BootWaiter.swift in Sources */,
				BFDE7809D229247E6EFE2095 /* ClipboardSync.swift in Sources */,
				AEBEF56C0F6C58A5D1926202 /* CoordinateMapper.swift in Sources */,
				EAC02BB7598820042B966354 /* DisplaySlot.swift in Sources */,
				CA45D1361023712A1ACE01B6 /* DisplaySlotPool.swift in Sources */,
				FCB08B297A5A015022C06907 /* Downloader.swift in Sources */,
				04DA7047C4AF5D01A197FBB6 /* DumpsysDisplayParser.swift in Sources */,
				950217BC4475A5A124BF30C1 /* EmulatorClient.swift in Sources */,
				F8823310259DE9EDB3503CC9 /* EmulatorConnection.swift in Sources */,
				F2139EDC7DB14F32EFFC28FF /* EmulatorKitError.swift in Sources */,
				E87B6C6710202565F7E26A3A /* EmulatorLaunchOptions.swift in Sources */,
				0DF1197051DAF037D98474AB /* EmulatorProcess.swift in Sources */,
				0779D220B4E4B74F98E02BB8 /* EmulatorSession.swift in Sources */,
				289D7185D574918B95BCEB4A /* Frame.swift in Sources */,
				5F23F18B68E72A025E5706FC /* GRPCFrameStream.swift in Sources */,
				D680DFB830782267ABBA47E3 /* GuestSetup.swift in Sources */,
				B12F626A6C13452F346F9143 /* IconExtractor.swift in Sources */,
				109AA783B1D1AC9FC14124B1 /* InputChannel.swift in Sources */,
				4E1DA7D78B02644D8D2DD41F /* InputRouter.swift in Sources */,
				0AC55BD7A72EBF8EF5F68E13 /* KeyMap.swift in Sources */,
				92F8011341AB14AE2245D55C /* Log.swift in Sources */,
				934430C1A628779654F1ADFB /* PackageListParser.swift in Sources */,
				3815486752618540E4A64590 /* PortAllocator.swift in Sources */,
				7ADCE4567CE528FBEF2668A7 /* RepositoryManifest.swift in Sources */,
				7411697D9DF7527F3A5BF601 /* RunnerCoordinator.swift in Sources */,
				F2AC1D63DD397A732D6D1578 /* RunnerSettings.swift in Sources */,
				1250CDB8231B02324036E4D6 /* RunnerState.swift in Sources */,
				3929B04E05535C6F100AB71B /* SDKBootstrap.swift in Sources */,
				E03F70E70AB6F71FE619864F /* SDKPaths.swift in Sources */,
				143B265AD4A5065632D820F9 /* SHA1.swift in Sources */,
				F7B4C9B930F421C14B9165F1 /* ScrollGesture.swift in Sources */,
				545CF8FCAEA34EF27C37D45E /* Subprocess.swift in Sources */,
				7149417C9B07D1A70E5E823A /* TaskListParser.swift in Sources */,
				293D404DAE8F4726FD9AF34F /* Unarchiver.swift in Sources */,
				4F6F4705BE6D5ED57A538507 /* emulator_controller.grpc.swift in Sources */,
				58ECA5E40F03CB4DF6CEE9D5 /* emulator_controller.pb.swift in Sources */,
			);
			runOnlyForDeploymentPostprocessing = 0;
		};
		B578AEA178D620FFC8541E4B /* Sources */ = {
			isa = PBXSourcesBuildPhase;
			buildActionMask = 2147483647;
			files = (
				D6F00B26CA41D1E40D787441 /* CatalogTests.swift in Sources */,
				72878AF614B68F431C319FC1 /* Fixtures.swift in Sources */,
				B2FBA44C19BC7C79ED68A18D /* InputTests.swift in Sources */,
				B4F5FE778B5F0251CFF660EE /* ParserTests.swift in Sources */,
				4281594E14FE47111BB6861B /* RepositoryManifestTests.swift in Sources */,
			);
			runOnlyForDeploymentPostprocessing = 0;
		};
/* End PBXSourcesBuildPhase section */

/* Begin PBXTargetDependency section */
		0665DC0351EE4A78A5FFF38C /* PBXTargetDependency */ = {
			isa = PBXTargetDependency;
			target = 4D851099FE8B7E8E0E55CE6B /* EmulatorKit */;
			targetProxy = 2AEA912A92544CA94C7BE806 /* PBXContainerItemProxy */;
		};
		663C922B3FBCF8C4471476BD /* PBXTargetDependency */ = {
			isa = PBXTargetDependency;
			target = 4D851099FE8B7E8E0E55CE6B /* EmulatorKit */;
			targetProxy = 3D7B5257F735145D96E9B8DD /* PBXContainerItemProxy */;
		};
/* End PBXTargetDependency section */

/* Begin XCBuildConfiguration section */
		01D4DD0EFE7B0DE6BD8B34D8 /* Debug */ = {
			isa = XCBuildConfiguration;
			buildSettings = {
				ALWAYS_SEARCH_USER_PATHS = NO;
				CLANG_ANALYZER_NONNULL = YES;
				CLANG_ANALYZER_NUMBER_OBJECT_CONVERSION = YES_AGGRESSIVE;
				CLANG_CXX_LANGUAGE_STANDARD = "gnu++14";
				CLANG_CXX_LIBRARY = "libc++";
				CLANG_ENABLE_MODULES = YES;
				CLANG_ENABLE_OBJC_ARC = YES;
				CLANG_ENABLE_OBJC_WEAK = YES;
				CLANG_WARN_BLOCK_CAPTURE_AUTORELEASING = YES;
				CLANG_WARN_BOOL_CONVERSION = YES;
				CLANG_WARN_COMMA = YES;
				CLANG_WARN_CONSTANT_CONVERSION = YES;
				CLANG_WARN_DEPRECATED_OBJC_IMPLEMENTATIONS = YES;
				CLANG_WARN_DIRECT_OBJC_ISA_USAGE = YES_ERROR;
				CLANG_WARN_DOCUMENTATION_COMMENTS = YES;
				CLANG_WARN_EMPTY_BODY = YES;
				CLANG_WARN_ENUM_CONVERSION = YES;
				CLANG_WARN_INFINITE_RECURSION = YES;
				CLANG_WARN_INT_CONVERSION = YES;
				CLANG_WARN_NON_LITERAL_NULL_CONVERSION = YES;
				CLANG_WARN_OBJC_IMPLICIT_RETAIN_SELF = YES;
				CLANG_WARN_OBJC_LITERAL_CONVERSION = YES;
				CLANG_WARN_OBJC_ROOT_CLASS = YES_ERROR;
				CLANG_WARN_QUOTED_INCLUDE_IN_FRAMEWORK_HEADER = YES;
				CLANG_WARN_RANGE_LOOP_ANALYSIS = YES;
				CLANG_WARN_STRICT_PROTOTYPES = YES;
				CLANG_WARN_SUSPICIOUS_MOVE = YES;
				CLANG_WARN_UNGUARDED_AVAILABILITY = YES_AGGRESSIVE;
				CLANG_WARN_UNREACHABLE_CODE = YES;
				CLANG_WARN__DUPLICATE_METHOD_MATCH = YES;
				CODE_SIGN_STYLE = Automatic;
				COPY_PHASE_STRIP = NO;
				CURRENT_PROJECT_VERSION = 1;
				DEBUG_INFORMATION_FORMAT = dwarf;
				ENABLE_STRICT_OBJC_MSGSEND = YES;
				ENABLE_TESTABILITY = YES;
				GCC_C_LANGUAGE_STANDARD = gnu11;
				GCC_DYNAMIC_NO_PIC = NO;
				GCC_NO_COMMON_BLOCKS = YES;
				GCC_OPTIMIZATION_LEVEL = 0;
				GCC_PREPROCESSOR_DEFINITIONS = (
					"$(inherited)",
					"DEBUG=1",
				);
				GCC_WARN_64_TO_32_BIT_CONVERSION = YES;
				GCC_WARN_ABOUT_RETURN_TYPE = YES_ERROR;
				GCC_WARN_UNDECLARED_SELECTOR = YES;
				GCC_WARN_UNINITIALIZED_AUTOS = YES_AGGRESSIVE;
				GCC_WARN_UNUSED_FUNCTION = YES;
				GCC_WARN_UNUSED_VARIABLE = YES;
				MACOSX_DEPLOYMENT_TARGET = 15.0;
				MARKETING_VERSION = 0.1;
				MTL_ENABLE_DEBUG_INFO = INCLUDE_SOURCE;
				MTL_FAST_MATH = YES;
				ONLY_ACTIVE_ARCH = YES;
				PRODUCT_NAME = "$(TARGET_NAME)";
				SDKROOT = macosx;
				SWIFT_ACTIVE_COMPILATION_CONDITIONS = DEBUG;
				SWIFT_EMIT_LOC_STRINGS = YES;
				SWIFT_OPTIMIZATION_LEVEL = "-Onone";
				SWIFT_STRICT_CONCURRENCY = complete;
				SWIFT_VERSION = 6.0;
			};
			name = Debug;
		};
		4850D81515952E309F9E0B5F /* Debug */ = {
			isa = XCBuildConfiguration;
			buildSettings = {
				ASSETCATALOG_COMPILER_APPICON_NAME = AppIcon;
				COMBINE_HIDPI_IMAGES = YES;
				ENABLE_APP_SANDBOX = NO;
				INFOPLIST_FILE = AndroidAppRunner/Info.plist;
				LD_RUNPATH_SEARCH_PATHS = (
					"$(inherited)",
					"@executable_path/../Frameworks",
				);
				PRODUCT_BUNDLE_IDENTIFIER = io.github.madeye.androidapprunner;
				SDKROOT = macosx;
				SWIFT_TREAT_WARNINGS_AS_ERRORS = NO;
			};
			name = Debug;
		};
		A1B68C693B6EF052FE5E9D6E /* Release */ = {
			isa = XCBuildConfiguration;
			buildSettings = {
				ASSETCATALOG_COMPILER_APPICON_NAME = AppIcon;
				COMBINE_HIDPI_IMAGES = YES;
				ENABLE_APP_SANDBOX = NO;
				INFOPLIST_FILE = AndroidAppRunner/Info.plist;
				LD_RUNPATH_SEARCH_PATHS = (
					"$(inherited)",
					"@executable_path/../Frameworks",
				);
				PRODUCT_BUNDLE_IDENTIFIER = io.github.madeye.androidapprunner;
				SDKROOT = macosx;
				SWIFT_TREAT_WARNINGS_AS_ERRORS = NO;
			};
			name = Release;
		};
		BF93804915886C9E68E3EC6A /* Release */ = {
			isa = XCBuildConfiguration;
			buildSettings = {
				BUNDLE_LOADER = "$(TEST_HOST)";
				COMBINE_HIDPI_IMAGES = YES;
				GENERATE_INFOPLIST_FILE = YES;
				LD_RUNPATH_SEARCH_PATHS = (
					"$(inherited)",
					"@executable_path/../Frameworks",
					"@loader_path/../Frameworks",
				);
				PRODUCT_BUNDLE_IDENTIFIER = io.github.madeye.androidapprunner.tests;
				SDKROOT = macosx;
			};
			name = Release;
		};
		C964929F5ECE2A28023A4A32 /* Release */ = {
			isa = XCBuildConfiguration;
			buildSettings = {
				ALWAYS_SEARCH_USER_PATHS = NO;
				CLANG_ANALYZER_NONNULL = YES;
				CLANG_ANALYZER_NUMBER_OBJECT_CONVERSION = YES_AGGRESSIVE;
				CLANG_CXX_LANGUAGE_STANDARD = "gnu++14";
				CLANG_CXX_LIBRARY = "libc++";
				CLANG_ENABLE_MODULES = YES;
				CLANG_ENABLE_OBJC_ARC = YES;
				CLANG_ENABLE_OBJC_WEAK = YES;
				CLANG_WARN_BLOCK_CAPTURE_AUTORELEASING = YES;
				CLANG_WARN_BOOL_CONVERSION = YES;
				CLANG_WARN_COMMA = YES;
				CLANG_WARN_CONSTANT_CONVERSION = YES;
				CLANG_WARN_DEPRECATED_OBJC_IMPLEMENTATIONS = YES;
				CLANG_WARN_DIRECT_OBJC_ISA_USAGE = YES_ERROR;
				CLANG_WARN_DOCUMENTATION_COMMENTS = YES;
				CLANG_WARN_EMPTY_BODY = YES;
				CLANG_WARN_ENUM_CONVERSION = YES;
				CLANG_WARN_INFINITE_RECURSION = YES;
				CLANG_WARN_INT_CONVERSION = YES;
				CLANG_WARN_NON_LITERAL_NULL_CONVERSION = YES;
				CLANG_WARN_OBJC_IMPLICIT_RETAIN_SELF = YES;
				CLANG_WARN_OBJC_LITERAL_CONVERSION = YES;
				CLANG_WARN_OBJC_ROOT_CLASS = YES_ERROR;
				CLANG_WARN_QUOTED_INCLUDE_IN_FRAMEWORK_HEADER = YES;
				CLANG_WARN_RANGE_LOOP_ANALYSIS = YES;
				CLANG_WARN_STRICT_PROTOTYPES = YES;
				CLANG_WARN_SUSPICIOUS_MOVE = YES;
				CLANG_WARN_UNGUARDED_AVAILABILITY = YES_AGGRESSIVE;
				CLANG_WARN_UNREACHABLE_CODE = YES;
				CLANG_WARN__DUPLICATE_METHOD_MATCH = YES;
				CODE_SIGN_INJECT_BASE_ENTITLEMENTS = NO;
				CODE_SIGN_STYLE = Automatic;
				COPY_PHASE_STRIP = NO;
				CURRENT_PROJECT_VERSION = 1;
				DEBUG_INFORMATION_FORMAT = "dwarf-with-dsym";
				ENABLE_HARDENED_RUNTIME = YES;
				ENABLE_NS_ASSERTIONS = NO;
				ENABLE_STRICT_OBJC_MSGSEND = YES;
				GCC_C_LANGUAGE_STANDARD = gnu11;
				GCC_NO_COMMON_BLOCKS = YES;
				GCC_WARN_64_TO_32_BIT_CONVERSION = YES;
				GCC_WARN_ABOUT_RETURN_TYPE = YES_ERROR;
				GCC_WARN_UNDECLARED_SELECTOR = YES;
				GCC_WARN_UNINITIALIZED_AUTOS = YES_AGGRESSIVE;
				GCC_WARN_UNUSED_FUNCTION = YES;
				GCC_WARN_UNUSED_VARIABLE = YES;
				MACOSX_DEPLOYMENT_TARGET = 15.0;
				MARKETING_VERSION = 0.1;
				MTL_ENABLE_DEBUG_INFO = NO;
				MTL_FAST_MATH = YES;
				PRODUCT_NAME = "$(TARGET_NAME)";
				SDKROOT = macosx;
				SWIFT_COMPILATION_MODE = wholemodule;
				SWIFT_EMIT_LOC_STRINGS = YES;
				SWIFT_OPTIMIZATION_LEVEL = "-O";
				SWIFT_STRICT_CONCURRENCY = complete;
				SWIFT_VERSION = 6.0;
			};
			name = Release;
		};
		E6242937DA4B5867376B0907 /* Debug */ = {
			isa = XCBuildConfiguration;
			buildSettings = {
				BUNDLE_LOADER = "$(TEST_HOST)";
				COMBINE_HIDPI_IMAGES = YES;
				GENERATE_INFOPLIST_FILE = YES;
				LD_RUNPATH_SEARCH_PATHS = (
					"$(inherited)",
					"@executable_path/../Frameworks",
					"@loader_path/../Frameworks",
				);
				PRODUCT_BUNDLE_IDENTIFIER = io.github.madeye.androidapprunner.tests;
				SDKROOT = macosx;
			};
			name = Debug;
		};
		EE5C6250C97387E7F420924D /* Debug */ = {
			isa = XCBuildConfiguration;
			buildSettings = {
				CODE_SIGN_IDENTITY = "";
				COMBINE_HIDPI_IMAGES = YES;
				CURRENT_PROJECT_VERSION = 1;
				DEFINES_MODULE = YES;
				DYLIB_COMPATIBILITY_VERSION = 1;
				DYLIB_CURRENT_VERSION = 1;
				DYLIB_INSTALL_NAME_BASE = "@rpath";
				GENERATE_INFOPLIST_FILE = YES;
				INSTALL_PATH = "$(LOCAL_LIBRARY_DIR)/Frameworks";
				LD_RUNPATH_SEARCH_PATHS = (
					"$(inherited)",
					"@executable_path/../Frameworks",
				);
				PRODUCT_BUNDLE_IDENTIFIER = io.github.madeye.androidapprunner.kit;
				SDKROOT = macosx;
				SKIP_INSTALL = YES;
				SWIFT_TREAT_WARNINGS_AS_ERRORS = NO;
				VERSIONING_SYSTEM = "apple-generic";
			};
			name = Debug;
		};
		F7653F32FD231E23B6C5BCE4 /* Release */ = {
			isa = XCBuildConfiguration;
			buildSettings = {
				CODE_SIGN_IDENTITY = "";
				COMBINE_HIDPI_IMAGES = YES;
				CURRENT_PROJECT_VERSION = 1;
				DEFINES_MODULE = YES;
				DYLIB_COMPATIBILITY_VERSION = 1;
				DYLIB_CURRENT_VERSION = 1;
				DYLIB_INSTALL_NAME_BASE = "@rpath";
				GENERATE_INFOPLIST_FILE = YES;
				INSTALL_PATH = "$(LOCAL_LIBRARY_DIR)/Frameworks";
				LD_RUNPATH_SEARCH_PATHS = (
					"$(inherited)",
					"@executable_path/../Frameworks",
				);
				PRODUCT_BUNDLE_IDENTIFIER = io.github.madeye.androidapprunner.kit;
				SDKROOT = macosx;
				SKIP_INSTALL = YES;
				SWIFT_TREAT_WARNINGS_AS_ERRORS = NO;
				VERSIONING_SYSTEM = "apple-generic";
			};
			name = Release;
		};
/* End XCBuildConfiguration section */

/* Begin XCConfigurationList section */
		3B79D55C6FB40327ABC5C435 /* Build configuration list for PBXNativeTarget "EmulatorKit" */ = {
			isa = XCConfigurationList;
			buildConfigurations = (
				EE5C6250C97387E7F420924D /* Debug */,
				F7653F32FD231E23B6C5BCE4 /* Release */,
			);
			defaultConfigurationIsVisible = 0;
			defaultConfigurationName = Debug;
		};
		4F898BB496B8A79FB92CF2E7 /* Build configuration list for PBXNativeTarget "EmulatorKitTests" */ = {
			isa = XCConfigurationList;
			buildConfigurations = (
				E6242937DA4B5867376B0907 /* Debug */,
				BF93804915886C9E68E3EC6A /* Release */,
			);
			defaultConfigurationIsVisible = 0;
			defaultConfigurationName = Debug;
		};
		950D81E6CA96820193F4B03B /* Build configuration list for PBXProject "AndroidAppRunner" */ = {
			isa = XCConfigurationList;
			buildConfigurations = (
				01D4DD0EFE7B0DE6BD8B34D8 /* Debug */,
				C964929F5ECE2A28023A4A32 /* Release */,
			);
			defaultConfigurationIsVisible = 0;
			defaultConfigurationName = Debug;
		};
		FEC8470720A34C667B9F3149 /* Build configuration list for PBXNativeTarget "AndroidAppRunner" */ = {
			isa = XCConfigurationList;
			buildConfigurations = (
				4850D81515952E309F9E0B5F /* Debug */,
				A1B68C693B6EF052FE5E9D6E /* Release */,
			);
			defaultConfigurationIsVisible = 0;
			defaultConfigurationName = Debug;
		};
/* End XCConfigurationList section */

/* Begin XCRemoteSwiftPackageReference section */
		100E13524928CBF321B6ED3B /* XCRemoteSwiftPackageReference "grpc-swift-protobuf" */ = {
			isa = XCRemoteSwiftPackageReference;
			repositoryURL = "https://github.com/grpc/grpc-swift-protobuf.git";
			requirement = {
				kind = upToNextMajorVersion;
				minimumVersion = 2.4.0;
			};
		};
		33D8F287E7AA7499BEAA3F50 /* XCRemoteSwiftPackageReference "grpc-swift-nio-transport" */ = {
			isa = XCRemoteSwiftPackageReference;
			repositoryURL = "https://github.com/grpc/grpc-swift-nio-transport.git";
			requirement = {
				kind = upToNextMajorVersion;
				minimumVersion = 2.9.0;
			};
		};
		7C6C962E089061188BB38151 /* XCRemoteSwiftPackageReference "swift-protobuf" */ = {
			isa = XCRemoteSwiftPackageReference;
			repositoryURL = "https://github.com/apple/swift-protobuf.git";
			requirement = {
				kind = upToNextMajorVersion;
				minimumVersion = 1.29.0;
			};
		};
		E0C800425DE5EB1FA341D6ED /* XCRemoteSwiftPackageReference "grpc-swift-2" */ = {
			isa = XCRemoteSwiftPackageReference;
			repositoryURL = "https://github.com/grpc/grpc-swift-2.git";
			requirement = {
				kind = upToNextMajorVersion;
				minimumVersion = 2.4.0;
			};
		};
/* End XCRemoteSwiftPackageReference section */

/* Begin XCSwiftPackageProductDependency section */
		445DC3386FDCE17BCCC2B066 /* GRPCCore */ = {
			isa = XCSwiftPackageProductDependency;
			package = E0C800425DE5EB1FA341D6ED /* XCRemoteSwiftPackageReference "grpc-swift-2" */;
			productName = GRPCCore;
		};
		DA1C401E4BC3BE10F92DECFD /* GRPCNIOTransportHTTP2 */ = {
			isa = XCSwiftPackageProductDependency;
			package = 33D8F287E7AA7499BEAA3F50 /* XCRemoteSwiftPackageReference "grpc-swift-nio-transport" */;
			productName = GRPCNIOTransportHTTP2;
		};
		E82E8899E20A97A98C976ADD /* GRPCProtobuf */ = {
			isa = XCSwiftPackageProductDependency;
			package = 100E13524928CBF321B6ED3B /* XCRemoteSwiftPackageReference "grpc-swift-protobuf" */;
			productName = GRPCProtobuf;
		};
		E9C763E8C714FB6D2AF8BE67 /* SwiftProtobuf */ = {
			isa = XCSwiftPackageProductDependency;
			package = 7C6C962E089061188BB38151 /* XCRemoteSwiftPackageReference "swift-protobuf" */;
			productName = SwiftProtobuf;
		};
/* End XCSwiftPackageProductDependency section */
	};
	rootObject = EC3898795CFFF28914F20A31 /* Project object */;
}
