// !$*UTF8*$!
{
	archiveVersion = 1;
	classes = {
	};
	objectVersion = 77;
	objects = {

/* Begin PBXBuildFile section */
		02F01E4D94565A0C49A72D8C /* AVDStore.swift in Sources */ = {isa = PBXBuildFile; fileRef = AA39FB165BBD231EDB46A58A /* AVDStore.swift */; };
		04FB74424CD2E320BEC5642D /* emulator_controller.grpc.swift in Sources */ = {isa = PBXBuildFile; fileRef = 7EEF432604A0D7ADB20E7E62 /* emulator_controller.grpc.swift */; };
		08C5C8E8A675D42B255EBDCD /* SetupView.swift in Sources */ = {isa = PBXBuildFile; fileRef = C5EE6BB28C525D52B6D93056 /* SetupView.swift */; };
		145CBCC0A93C9DF6E4ED0DAF /* RunnerCoordinator.swift in Sources */ = {isa = PBXBuildFile; fileRef = A6C1AF5989A6BA67B82461BC /* RunnerCoordinator.swift */; };
		160D6F5D568A3CBDD4AD21AE /* KeyMap.swift in Sources */ = {isa = PBXBuildFile; fileRef = E5AEAC4F5C06A2E07427985A /* KeyMap.swift */; };
		18A514F5C5338678F9E43BB7 /* AppDelegate.swift in Sources */ = {isa = PBXBuildFile; fileRef = 3FF052239EB45D1DBEF492EE /* AppDelegate.swift */; };
		1B4B3672269BDE750D77EC96 /* MadroidKit.framework in Frameworks */ = {isa = PBXBuildFile; fileRef = 4A0B8CC15D4CC13B85617D9C /* MadroidKit.framework */; };
		1D5BA81999B76D052808EF32 /* MadroidKit.framework in Embed Frameworks */ = {isa = PBXBuildFile; fileRef = 4A0B8CC15D4CC13B85617D9C /* MadroidKit.framework */; settings = {ATTRIBUTES = (CodeSignOnCopy, RemoveHeadersOnCopy, ); }; };
		21F4069906775CEC683D2239 /* BootWaiter.swift in Sources */ = {isa = PBXBuildFile; fileRef = 649545F7C8BD90B0911291C5 /* BootWaiter.swift */; };
		28F44BF1091EC48D61DD01BA /* aapt2-maven-metadata.xml in Resources */ = {isa = PBXBuildFile; fileRef = 25724B27F58F2DF4031CF9D6 /* aapt2-maven-metadata.xml */; };
		299F15BB23897027A357530D /* DumpsysDisplayParser.swift in Sources */ = {isa = PBXBuildFile; fileRef = 2C660538EA332DBBC4E4084E /* DumpsysDisplayParser.swift */; };
		2B58BC05F841DB1E6BFA332E /* RunnerSettings.swift in Sources */ = {isa = PBXBuildFile; fileRef = DA2CB851022246C35638AEBA /* RunnerSettings.swift */; };
		2B69AD3BC7890A1DA1E6EB6C /* PasteboardClipboard.swift in Sources */ = {isa = PBXBuildFile; fileRef = A9DAECB51EA61D9A07151BBC /* PasteboardClipboard.swift */; };
		2BA18AC780BB4266AE20B53D /* GuestSetup.swift in Sources */ = {isa = PBXBuildFile; fileRef = 7DA3D9CA884A02FC0401817F /* GuestSetup.swift */; };
		2F48C64DFEBB6D3FA0335417 /* InputTests.swift in Sources */ = {isa = PBXBuildFile; fileRef = A1A6585A9333132465C07E2C /* InputTests.swift */; };
		34E309F9D054C24FF01A2197 /* PortAllocator.swift in Sources */ = {isa = PBXBuildFile; fileRef = 369E5F135737A8DB58C1623F /* PortAllocator.swift */; };
		411E47E5EC9EC789EC3C6BE1 /* URLSchemeHandler.swift in Sources */ = {isa = PBXBuildFile; fileRef = C52FE13BA7C7E01B6CAC89BB /* URLSchemeHandler.swift */; };
		46BFB6C89036473D57AE7AF9 /* PortAllocatorTests.swift in Sources */ = {isa = PBXBuildFile; fileRef = 4EF5C91608A0424D5CC4BAD6 /* PortAllocatorTests.swift */; };
		472406EB69334432DE49D8CC /* EmulatorConnection.swift in Sources */ = {isa = PBXBuildFile; fileRef = DEE82F568C37BD0FCB2F5098 /* EmulatorConnection.swift */; };
		4913BEBBECE91371ED3DB88E /* ADBClient.swift in Sources */ = {isa = PBXBuildFile; fileRef = 4CF3671C752949B7BC5F7B8F /* ADBClient.swift */; };
		4957BE0586A45DF3822EE885 /* repository2-3.xml in Resources */ = {isa = PBXBuildFile; fileRef = 222D597A7A6EF2E0BC39EC66 /* repository2-3.xml */; };
		4BBF896BE729975BF9151021 /* FrameView.swift in Sources */ = {isa = PBXBuildFile; fileRef = 167EF59922CF0C290091267A /* FrameView.swift */; };
		4C90EB43CB9CEB0F72D12FBE /* DebugHooks.swift in Sources */ = {isa = PBXBuildFile; fileRef = CAF9E5E60F5EA7347B602514 /* DebugHooks.swift */; };
		52BE43AAAF2AD42D85CD5527 /* EmulatorProcess.swift in Sources */ = {isa = PBXBuildFile; fileRef = B247858814A0303ABF6FBBCB /* EmulatorProcess.swift */; };
		53C552FFFAD22D945031B1EC /* Downloader.swift in Sources */ = {isa = PBXBuildFile; fileRef = 8A904CC299CB94D3C818D45C /* Downloader.swift */; };
		55C9314414220A88DA53C823 /* emulator_controller.pb.swift in Sources */ = {isa = PBXBuildFile; fileRef = 93951F74B81FE56031140106 /* emulator_controller.pb.swift */; };
		5D3AD1A760C8D1B1048FAC96 /* WindowManager.swift in Sources */ = {isa = PBXBuildFile; fileRef = 6897255EF0FAF405AD30AA2B /* WindowManager.swift */; };
		616ACEEA8CE7719E97059A48 /* dumpsys-display-1secondary.txt in Resources */ = {isa = PBXBuildFile; fileRef = 376071B5C390D3891896B1C4 /* dumpsys-display-1secondary.txt */; };
		63E699811EA7870C270FB699 /* SDKPaths.swift in Sources */ = {isa = PBXBuildFile; fileRef = 0D5DA232C3FCE890612D3DF6 /* SDKPaths.swift */; };
		6B5FFD29C4307E183853C93E /* RunnerState.swift in Sources */ = {isa = PBXBuildFile; fileRef = E16C43135EC02032154BBA0D /* RunnerState.swift */; };
		6E3B7ECE7AC30DB632329892 /* GRPCProtobuf in Frameworks */ = {isa = PBXBuildFile; productRef = F053BF917B87399897EEEE67 /* GRPCProtobuf */; };
		701B5535AFFC4C8067B06B50 /* APKBadging.swift in Sources */ = {isa = PBXBuildFile; fileRef = AC7CFB0539EFDD7A73A75959 /* APKBadging.swift */; };
		709829F32C8B9CE2028DAA62 /* GRPCNIOTransportHTTP2 in Frameworks */ = {isa = PBXBuildFile; productRef = 64DBC801959929BAFE0DF298 /* GRPCNIOTransportHTTP2 */; };
		79DC64E1ED8F2676F9B323DC /* IconExtractor.swift in Sources */ = {isa = PBXBuildFile; fileRef = 978C9042775172368213B6A4 /* IconExtractor.swift */; };
		7BEA42871B8524F441E72A64 /* Subprocess.swift in Sources */ = {isa = PBXBuildFile; fileRef = 1ECB7BAB81E41F5155DCDBE6 /* Subprocess.swift */; };
		8449A2CBDE7AFD0851EA2485 /* ParkedOverlayView.swift in Sources */ = {isa = PBXBuildFile; fileRef = 4D1812C470EFB1B70320AAA1 /* ParkedOverlayView.swift */; };
		89FC524313D00573F1A83964 /* AVDConfig.swift in Sources */ = {isa = PBXBuildFile; fileRef = ECB2C08B95DD130C292C9683 /* AVDConfig.swift */; };
		8C03369A40913C78CCC49FA0 /* DownloadMirror.swift in Sources */ = {isa = PBXBuildFile; fileRef = D764AAC18B06926AF51A101F /* DownloadMirror.swift */; };
		8CBFFA923B99A6B6885DB1C9 /* sys-img2-3-google_apis_playstore.xml in Resources */ = {isa = PBXBuildFile; fileRef = 86559A436E9653F7F65F2993 /* sys-img2-3-google_apis_playstore.xml */; };
		8DA1AB3525926EDE18CD3D51 /* dumpsys-display-3secondary.txt in Resources */ = {isa = PBXBuildFile; fileRef = 15151CDE1B2F7ECDFAE482CA /* dumpsys-display-3secondary.txt */; };
		936BDAABBDB47141384858E6 /* RepositoryManifestTests.swift in Sources */ = {isa = PBXBuildFile; fileRef = 1832787B77BB4BED7FA9724C /* RepositoryManifestTests.swift */; };
		965CC64444C360F919CA3A47 /* ParserTests.swift in Sources */ = {isa = PBXBuildFile; fileRef = 86C99C8E31F705D1112BEB80 /* ParserTests.swift */; };
		9BDD5B3C00E3869350623DB0 /* MadroidKitError.swift in Sources */ = {isa = PBXBuildFile; fileRef = FE672E41ADA0F32F3E9D09BB /* MadroidKitError.swift */; };
		9E06C3CB1A1E7D8909080574 /* SetupWindowController.swift in Sources */ = {isa = PBXBuildFile; fileRef = 40810D1F18C342C713F184AF /* SetupWindowController.swift */; };
		9E2F8C38173D61FDEBF3ACB4 /* LibraryWindowController.swift in Sources */ = {isa = PBXBuildFile; fileRef = C4FBF72DFD0B090AFC6083E1 /* LibraryWindowController.swift */; };
		A151FADFD68F8CE3BA7D1A11 /* Unarchiver.swift in Sources */ = {isa = PBXBuildFile; fileRef = E2CC85DB03BB28AEBFAE57D6 /* Unarchiver.swift */; };
		A520733B19800A91C75D63B1 /* InputRouter.swift in Sources */ = {isa = PBXBuildFile; fileRef = 5BAAA8C4296D68402F06284A /* InputRouter.swift */; };
		A525FC3313881D0B56AA1C84 /* RepositoryManifest.swift in Sources */ = {isa = PBXBuildFile; fileRef = 046816CE26CA306059AF292C /* RepositoryManifest.swift */; };
		A583CEC3F29FCB5C0009A226 /* Frame.swift in Sources */ = {isa = PBXBuildFile; fileRef = 4F703997E35D7F7BBAEC584A /* Frame.swift */; };
		A7042935E33A8317330098F9 /* TaskListParser.swift in Sources */ = {isa = PBXBuildFile; fileRef = 0C65F1A7827536E21A211ED1 /* TaskListParser.swift */; };
		AD138DAE44DC98629B3D7ED1 /* guest-display.jar in Resources */ = {isa = PBXBuildFile; fileRef = 2B5315FDC1065F6CCAF374BA /* guest-display.jar */; };
		AD976713A473085071B04422 /* SwiftProtobuf in Frameworks */ = {isa = PBXBuildFile; productRef = 999FD39BD390DB62B29CF9E9 /* SwiftProtobuf */; };
		ADEB2FEC6A31E752EAF47EFB /* CoordinateMapper.swift in Sources */ = {isa = PBXBuildFile; fileRef = 9CBB558DA0B3F18197281A0B /* CoordinateMapper.swift */; };
		AFC9A39EB057BEC3F821B663 /* PackageListParser.swift in Sources */ = {isa = PBXBuildFile; fileRef = 42557C42270B69346F183DD4 /* PackageListParser.swift */; };
		B2BB61047F56211654388BA8 /* SDKBootstrap.swift in Sources */ = {isa = PBXBuildFile; fileRef = 9287E3E429B90976B1BC06B6 /* SDKBootstrap.swift */; };
		B4453A52DD2A676DE6660B21 /* CatalogTests.swift in Sources */ = {isa = PBXBuildFile; fileRef = B4BB46CB9F7058FACA99EAD8 /* CatalogTests.swift */; };
		B4757AB79E64D68452F25FB9 /* AppWindowController.swift in Sources */ = {isa = PBXBuildFile; fileRef = 4633D89FAC92EF75AC3E5C7E /* AppWindowController.swift */; };
		B57AA0578B7D6620E7863CF6 /* DisplaySlot.swift in Sources */ = {isa = PBXBuildFile; fileRef = BF737AAEB05399B6EE104261 /* DisplaySlot.swift */; };
		B784AE9501085BCE21657F91 /* EmulatorClient.swift in Sources */ = {isa = PBXBuildFile; fileRef = 62189827F4CC4A58B8B17C88 /* EmulatorClient.swift */; };
		B84DCA5FE3994376A388498B /* SHA1.swift in Sources */ = {isa = PBXBuildFile; fileRef = 95BAD6D09A685BAB028714BF /* SHA1.swift */; };
		B91B08E23998D9C4278CF146 /* GRPCFrameStream.swift in Sources */ = {isa = PBXBuildFile; fileRef = 78212079FAC3995195C8B3B7 /* GRPCFrameStream.swift */; };
		BAE547AE3250A9D645E40600 /* ScrollGesture.swift in Sources */ = {isa = PBXBuildFile; fileRef = BEF27FB42B61BE14E29F5E6B /* ScrollGesture.swift */; };
		BBD16999E719D05B9AB1B8DC /* MadroidKit.framework in Embed Frameworks */ = {isa = PBXBuildFile; fileRef = 4A0B8CC15D4CC13B85617D9C /* MadroidKit.framework */; settings = {ATTRIBUTES = (CodeSignOnCopy, RemoveHeadersOnCopy, ); }; };
		BCBF656E988DA3992021DB2F /* InputChannel.swift in Sources */ = {isa = PBXBuildFile; fileRef = 9EFA94FA87E2555DAF7EEFF0 /* InputChannel.swift */; };
		BE4B1029CF81E8E7F8023D09 /* SettingsView.swift in Sources */ = {isa = PBXBuildFile; fileRef = AC9024FE1074B14902AA1768 /* SettingsView.swift */; };
		C375FCC0C9EF58A5A9325D80 /* MediaVolume.swift in Sources */ = {isa = PBXBuildFile; fileRef = F9014373316B1094081D2AFD /* MediaVolume.swift */; };
		C53CE348B54948915E4FD834 /* GRPCCore in Frameworks */ = {isa = PBXBuildFile; productRef = 541B03909587D655A035FFF6 /* GRPCCore */; };
		C590CF47351E1D22D3CB8649 /* MainMenu.swift in Sources */ = {isa = PBXBuildFile; fileRef = 495AA588421958636240FE99 /* MainMenu.swift */; };
		C652A3638DCF248AA8CFB0E3 /* Log.swift in Sources */ = {isa = PBXBuildFile; fileRef = 371217425235B49F2F3E6226 /* Log.swift */; };
		CA2A22337D3B3B90E58A681D /* DisplaySlotPool.swift in Sources */ = {isa = PBXBuildFile; fileRef = 74E9A98B36CF60285CF3B566 /* DisplaySlotPool.swift */; };
		D1A0728A87DED27CC103E29C /* LibraryView.swift in Sources */ = {isa = PBXBuildFile; fileRef = C8CBBA5443E7E96E94D5464D /* LibraryView.swift */; };
		D2CCCEC3F8C977EA7E7CE2AE /* LauncherStubBuilder.swift in Sources */ = {isa = PBXBuildFile; fileRef = 2E212C1AA08DAABC713DAE07 /* LauncherStubBuilder.swift */; };
		D40ED3046E81567BBBACE206 /* EmulatorSession.swift in Sources */ = {isa = PBXBuildFile; fileRef = 3EE7BF635FE0DB8BC5566666 /* EmulatorSession.swift */; };
		D871AD5CCBEE0F1123090EEA /* ClipboardSync.swift in Sources */ = {isa = PBXBuildFile; fileRef = 15FA882EA66D04AA1EF5411C /* ClipboardSync.swift */; };
		DADD7DF0028603DFAD3CA337 /* aapt2-badging-shadowsocks.txt in Resources */ = {isa = PBXBuildFile; fileRef = 4C31BA0D5041DF116607CEF2 /* aapt2-badging-shadowsocks.txt */; };
		DD5B3A1B78E20E86915CCF16 /* UITestMode.swift in Sources */ = {isa = PBXBuildFile; fileRef = DCA42B5D1BAC1D58312F8C75 /* UITestMode.swift */; };
		DF9068F5EE508EFA469BBC85 /* MediaVolumeTests.swift in Sources */ = {isa = PBXBuildFile; fileRef = B31F80FFB5F3EE3B914D6A99 /* MediaVolumeTests.swift */; };
		E007262ADE3EA2CB9AECC789 /* Assets.xcassets in Resources */ = {isa = PBXBuildFile; fileRef = 324A150D4CF73B3BC5C54351 /* Assets.xcassets */; };
		E6BC1F8640F12CAFE1019F8A /* EmulatorLaunchOptions.swift in Sources */ = {isa = PBXBuildFile; fileRef = 1B1EE9B8E811F9CDC3CBFFC0 /* EmulatorLaunchOptions.swift */; };
		E72037C2A784FAA1CC10CE3E /* AppCatalog.swift in Sources */ = {isa = PBXBuildFile; fileRef = 98AD0D016CBE1D3D1406EC19 /* AppCatalog.swift */; };
		ED3E21B62AF626B0F4E3B3E8 /* Fixtures.swift in Sources */ = {isa = PBXBuildFile; fileRef = E65D46CB7589A2820F1476AB /* Fixtures.swift */; };
		F1402FDECD3EE3D7D77EB50C /* MadroidKit.framework in Frameworks */ = {isa = PBXBuildFile; fileRef = 4A0B8CC15D4CC13B85617D9C /* MadroidKit.framework */; };
		F42025E4DB228D59ACFBB557 /* dumpsys-display-0only.txt in Resources */ = {isa = PBXBuildFile; fileRef = 33909234796FBA23F1144333 /* dumpsys-display-0only.txt */; };
		FA3CF14BCE75ED963DA3723A /* AAPT2Fetcher.swift in Sources */ = {isa = PBXBuildFile; fileRef = 25DB6A6A851430E1B361136E /* AAPT2Fetcher.swift */; };
/* End PBXBuildFile section */

/* Begin PBXContainerItemProxy section */
		26D791E82D71658695E1E013 /* PBXContainerItemProxy */ = {
			isa = PBXContainerItemProxy;
			containerPortal = A9E1A0EB2D49727807D48E40 /* Project object */;
			proxyType = 1;
			remoteGlobalIDString = 14170910BBE2F0F28E0E90A8;
			remoteInfo = MadroidKit;
		};
		9C17419F7ED8878CB6A51975 /* PBXContainerItemProxy */ = {
			isa = PBXContainerItemProxy;
			containerPortal = A9E1A0EB2D49727807D48E40 /* Project object */;
			proxyType = 1;
			remoteGlobalIDString = 14170910BBE2F0F28E0E90A8;
			remoteInfo = MadroidKit;
		};
/* End PBXContainerItemProxy section */

/* Begin PBXCopyFilesBuildPhase section */
		62ECE5D5ADFB9DBB704AE372 /* Embed Frameworks */ = {
			isa = PBXCopyFilesBuildPhase;
			buildActionMask = 2147483647;
			dstPath = "";
			dstSubfolderSpec = 10;
			files = (
				1D5BA81999B76D052808EF32 /* MadroidKit.framework in Embed Frameworks */,
			);
			name = "Embed Frameworks";
			runOnlyForDeploymentPostprocessing = 0;
		};
		782638D82AB71291175543F6 /* Embed Frameworks */ = {
			isa = PBXCopyFilesBuildPhase;
			buildActionMask = 2147483647;
			dstPath = "";
			dstSubfolderSpec = 10;
			files = (
				BBD16999E719D05B9AB1B8DC /* MadroidKit.framework in Embed Frameworks */,
			);
			name = "Embed Frameworks";
			runOnlyForDeploymentPostprocessing = 0;
		};
/* End PBXCopyFilesBuildPhase section */

/* Begin PBXFileReference section */
		046816CE26CA306059AF292C /* RepositoryManifest.swift */ = {isa = PBXFileReference; lastKnownFileType = sourcecode.swift; path = RepositoryManifest.swift; sourceTree = "<group>"; };
		0C65F1A7827536E21A211ED1 /* TaskListParser.swift */ = {isa = PBXFileReference; lastKnownFileType = sourcecode.swift; path = TaskListParser.swift; sourceTree = "<group>"; };
		0D5DA232C3FCE890612D3DF6 /* SDKPaths.swift */ = {isa = PBXFileReference; lastKnownFileType = sourcecode.swift; path = SDKPaths.swift; sourceTree = "<group>"; };
		15151CDE1B2F7ECDFAE482CA /* dumpsys-display-3secondary.txt */ = {isa = PBXFileReference; lastKnownFileType = text; path = "dumpsys-display-3secondary.txt"; sourceTree = "<group>"; };
		15FA882EA66D04AA1EF5411C /* ClipboardSync.swift */ = {isa = PBXFileReference; lastKnownFileType = sourcecode.swift; path = ClipboardSync.swift; sourceTree = "<group>"; };
		167EF59922CF0C290091267A /* FrameView.swift */ = {isa = PBXFileReference; lastKnownFileType = sourcecode.swift; path = FrameView.swift; sourceTree = "<group>"; };
		1832787B77BB4BED7FA9724C /* RepositoryManifestTests.swift */ = {isa = PBXFileReference; lastKnownFileType = sourcecode.swift; path = RepositoryManifestTests.swift; sourceTree = "<group>"; };
		1B1EE9B8E811F9CDC3CBFFC0 /* EmulatorLaunchOptions.swift */ = {isa = PBXFileReference; lastKnownFileType = sourcecode.swift; path = EmulatorLaunchOptions.swift; sourceTree = "<group>"; };
		1ECB7BAB81E41F5155DCDBE6 /* Subprocess.swift */ = {isa = PBXFileReference; lastKnownFileType = sourcecode.swift; path = Subprocess.swift; sourceTree = "<group>"; };
		1F1E3EE54231D37AE9C2FA6C /* Info.plist */ = {isa = PBXFileReference; lastKnownFileType = text.plist; path = Info.plist; sourceTree = "<group>"; };
		222D597A7A6EF2E0BC39EC66 /* repository2-3.xml */ = {isa = PBXFileReference; lastKnownFileType = text.xml; path = "repository2-3.xml"; sourceTree = "<group>"; };
		25724B27F58F2DF4031CF9D6 /* aapt2-maven-metadata.xml */ = {isa = PBXFileReference; lastKnownFileType = text.xml; path = "aapt2-maven-metadata.xml"; sourceTree = "<group>"; };
		25DB6A6A851430E1B361136E /* AAPT2Fetcher.swift */ = {isa = PBXFileReference; lastKnownFileType = sourcecode.swift; path = AAPT2Fetcher.swift; sourceTree = "<group>"; };
		2B5315FDC1065F6CCAF374BA /* guest-display.jar */ = {isa = PBXFileReference; lastKnownFileType = archive.jar; path = "guest-display.jar"; sourceTree = "<group>"; };
		2C660538EA332DBBC4E4084E /* DumpsysDisplayParser.swift */ = {isa = PBXFileReference; lastKnownFileType = sourcecode.swift; path = DumpsysDisplayParser.swift; sourceTree = "<group>"; };
		2E212C1AA08DAABC713DAE07 /* LauncherStubBuilder.swift */ = {isa = PBXFileReference; lastKnownFileType = sourcecode.swift; path = LauncherStubBuilder.swift; sourceTree = "<group>"; };
		324A150D4CF73B3BC5C54351 /* Assets.xcassets */ = {isa = PBXFileReference; lastKnownFileType = folder.assetcatalog; path = Assets.xcassets; sourceTree = "<group>"; };
		33909234796FBA23F1144333 /* dumpsys-display-0only.txt */ = {isa = PBXFileReference; lastKnownFileType = text; path = "dumpsys-display-0only.txt"; sourceTree = "<group>"; };
		369E5F135737A8DB58C1623F /* PortAllocator.swift */ = {isa = PBXFileReference; lastKnownFileType = sourcecode.swift; path = PortAllocator.swift; sourceTree = "<group>"; };
		371217425235B49F2F3E6226 /* Log.swift */ = {isa = PBXFileReference; lastKnownFileType = sourcecode.swift; path = Log.swift; sourceTree = "<group>"; };
		376071B5C390D3891896B1C4 /* dumpsys-display-1secondary.txt */ = {isa = PBXFileReference; lastKnownFileType = text; path = "dumpsys-display-1secondary.txt"; sourceTree = "<group>"; };
		39EB7DD04AF0DAE9E19BAC0D /* Madroid.app */ = {isa = PBXFileReference; explicitFileType = wrapper.application; includeInIndex = 0; path = Madroid.app; sourceTree = BUILT_PRODUCTS_DIR; };
		3EE7BF635FE0DB8BC5566666 /* EmulatorSession.swift */ = {isa = PBXFileReference; lastKnownFileType = sourcecode.swift; path = EmulatorSession.swift; sourceTree = "<group>"; };
		3FF052239EB45D1DBEF492EE /* AppDelegate.swift */ = {isa = PBXFileReference; lastKnownFileType = sourcecode.swift; path = AppDelegate.swift; sourceTree = "<group>"; };
		40810D1F18C342C713F184AF /* SetupWindowController.swift */ = {isa = PBXFileReference; lastKnownFileType = sourcecode.swift; path = SetupWindowController.swift; sourceTree = "<group>"; };
		42557C42270B69346F183DD4 /* PackageListParser.swift */ = {isa = PBXFileReference; lastKnownFileType = sourcecode.swift; path = PackageListParser.swift; sourceTree = "<group>"; };
		4633D89FAC92EF75AC3E5C7E /* AppWindowController.swift */ = {isa = PBXFileReference; lastKnownFileType = sourcecode.swift; path = AppWindowController.swift; sourceTree = "<group>"; };
		495AA588421958636240FE99 /* MainMenu.swift */ = {isa = PBXFileReference; lastKnownFileType = sourcecode.swift; path = MainMenu.swift; sourceTree = "<group>"; };
		4A0B8CC15D4CC13B85617D9C /* MadroidKit.framework */ = {isa = PBXFileReference; explicitFileType = wrapper.framework; includeInIndex = 0; path = MadroidKit.framework; sourceTree = BUILT_PRODUCTS_DIR; };
		4C31BA0D5041DF116607CEF2 /* aapt2-badging-shadowsocks.txt */ = {isa = PBXFileReference; lastKnownFileType = text; path = "aapt2-badging-shadowsocks.txt"; sourceTree = "<group>"; };
		4CF3671C752949B7BC5F7B8F /* ADBClient.swift */ = {isa = PBXFileReference; lastKnownFileType = sourcecode.swift; path = ADBClient.swift; sourceTree = "<group>"; };
		4D1812C470EFB1B70320AAA1 /* ParkedOverlayView.swift */ = {isa = PBXFileReference; lastKnownFileType = sourcecode.swift; path = ParkedOverlayView.swift; sourceTree = "<group>"; };
		4EF5C91608A0424D5CC4BAD6 /* PortAllocatorTests.swift */ = {isa = PBXFileReference; lastKnownFileType = sourcecode.swift; path = PortAllocatorTests.swift; sourceTree = "<group>"; };
		4F703997E35D7F7BBAEC584A /* Frame.swift */ = {isa = PBXFileReference; lastKnownFileType = sourcecode.swift; path = Frame.swift; sourceTree = "<group>"; };
		56B42B4C95291D4A7CBE8527 /* MadroidKitTests.xctest */ = {isa = PBXFileReference; explicitFileType = wrapper.cfbundle; includeInIndex = 0; path = MadroidKitTests.xctest; sourceTree = BUILT_PRODUCTS_DIR; };
		5BAAA8C4296D68402F06284A /* InputRouter.swift */ = {isa = PBXFileReference; lastKnownFileType = sourcecode.swift; path = InputRouter.swift; sourceTree = "<group>"; };
		62189827F4CC4A58B8B17C88 /* EmulatorClient.swift */ = {isa = PBXFileReference; lastKnownFileType = sourcecode.swift; path = EmulatorClient.swift; sourceTree = "<group>"; };
		649545F7C8BD90B0911291C5 /* BootWaiter.swift */ = {isa = PBXFileReference; lastKnownFileType = sourcecode.swift; path = BootWaiter.swift; sourceTree = "<group>"; };
		6897255EF0FAF405AD30AA2B /* WindowManager.swift */ = {isa = PBXFileReference; lastKnownFileType = sourcecode.swift; path = WindowManager.swift; sourceTree = "<group>"; };
		74E9A98B36CF60285CF3B566 /* DisplaySlotPool.swift */ = {isa = PBXFileReference; lastKnownFileType = sourcecode.swift; path = DisplaySlotPool.swift; sourceTree = "<group>"; };
		78212079FAC3995195C8B3B7 /* GRPCFrameStream.swift */ = {isa = PBXFileReference; lastKnownFileType = sourcecode.swift; path = GRPCFrameStream.swift; sourceTree = "<group>"; };
		7DA3D9CA884A02FC0401817F /* GuestSetup.swift */ = {isa = PBXFileReference; lastKnownFileType = sourcecode.swift; path = GuestSetup.swift; sourceTree = "<group>"; };
		7EEF432604A0D7ADB20E7E62 /* emulator_controller.grpc.swift */ = {isa = PBXFileReference; lastKnownFileType = sourcecode.swift; path = emulator_controller.grpc.swift; sourceTree = "<group>"; };
		86559A436E9653F7F65F2993 /* sys-img2-3-google_apis_playstore.xml */ = {isa = PBXFileReference; lastKnownFileType = text.xml; path = "sys-img2-3-google_apis_playstore.xml"; sourceTree = "<group>"; };
		86C99C8E31F705D1112BEB80 /* ParserTests.swift */ = {isa = PBXFileReference; lastKnownFileType = sourcecode.swift; path = ParserTests.swift; sourceTree = "<group>"; };
		8A904CC299CB94D3C818D45C /* Downloader.swift */ = {isa = PBXFileReference; lastKnownFileType = sourcecode.swift; path = Downloader.swift; sourceTree = "<group>"; };
		9287E3E429B90976B1BC06B6 /* SDKBootstrap.swift */ = {isa = PBXFileReference; lastKnownFileType = sourcecode.swift; path = SDKBootstrap.swift; sourceTree = "<group>"; };
		93951F74B81FE56031140106 /* emulator_controller.pb.swift */ = {isa = PBXFileReference; lastKnownFileType = sourcecode.swift; path = emulator_controller.pb.swift; sourceTree = "<group>"; };
		95BAD6D09A685BAB028714BF /* SHA1.swift */ = {isa = PBXFileReference; lastKnownFileType = sourcecode.swift; path = SHA1.swift; sourceTree = "<group>"; };
		978C9042775172368213B6A4 /* IconExtractor.swift */ = {isa = PBXFileReference; lastKnownFileType = sourcecode.swift; path = IconExtractor.swift; sourceTree = "<group>"; };
		98AD0D016CBE1D3D1406EC19 /* AppCatalog.swift */ = {isa = PBXFileReference; lastKnownFileType = sourcecode.swift; path = AppCatalog.swift; sourceTree = "<group>"; };
		9CBB558DA0B3F18197281A0B /* CoordinateMapper.swift */ = {isa = PBXFileReference; lastKnownFileType = sourcecode.swift; path = CoordinateMapper.swift; sourceTree = "<group>"; };
		9EFA94FA87E2555DAF7EEFF0 /* InputChannel.swift */ = {isa = PBXFileReference; lastKnownFileType = sourcecode.swift; path = InputChannel.swift; sourceTree = "<group>"; };
		A1A6585A9333132465C07E2C /* InputTests.swift */ = {isa = PBXFileReference; lastKnownFileType = sourcecode.swift; path = InputTests.swift; sourceTree = "<group>"; };
		A6C1AF5989A6BA67B82461BC /* RunnerCoordinator.swift */ = {isa = PBXFileReference; lastKnownFileType = sourcecode.swift; path = RunnerCoordinator.swift; sourceTree = "<group>"; };
		A9DAECB51EA61D9A07151BBC /* PasteboardClipboard.swift */ = {isa = PBXFileReference; lastKnownFileType = sourcecode.swift; path = PasteboardClipboard.swift; sourceTree = "<group>"; };
		AA39FB165BBD231EDB46A58A /* AVDStore.swift */ = {isa = PBXFileReference; lastKnownFileType = sourcecode.swift; path = AVDStore.swift; sourceTree = "<group>"; };
		AC7CFB0539EFDD7A73A75959 /* APKBadging.swift */ = {isa = PBXFileReference; lastKnownFileType = sourcecode.swift; path = APKBadging.swift; sourceTree = "<group>"; };
		AC9024FE1074B14902AA1768 /* SettingsView.swift */ = {isa = PBXFileReference; lastKnownFileType = sourcecode.swift; path = SettingsView.swift; sourceTree = "<group>"; };
		B247858814A0303ABF6FBBCB /* EmulatorProcess.swift */ = {isa = PBXFileReference; lastKnownFileType = sourcecode.swift; path = EmulatorProcess.swift; sourceTree = "<group>"; };
		B31F80FFB5F3EE3B914D6A99 /* MediaVolumeTests.swift */ = {isa = PBXFileReference; lastKnownFileType = sourcecode.swift; path = MediaVolumeTests.swift; sourceTree = "<group>"; };
		B4BB46CB9F7058FACA99EAD8 /* CatalogTests.swift */ = {isa = PBXFileReference; lastKnownFileType = sourcecode.swift; path = CatalogTests.swift; sourceTree = "<group>"; };
		BEF27FB42B61BE14E29F5E6B /* ScrollGesture.swift */ = {isa = PBXFileReference; lastKnownFileType = sourcecode.swift; path = ScrollGesture.swift; sourceTree = "<group>"; };
		BF737AAEB05399B6EE104261 /* DisplaySlot.swift */ = {isa = PBXFileReference; lastKnownFileType = sourcecode.swift; path = DisplaySlot.swift; sourceTree = "<group>"; };
		C4FBF72DFD0B090AFC6083E1 /* LibraryWindowController.swift */ = {isa = PBXFileReference; lastKnownFileType = sourcecode.swift; path = LibraryWindowController.swift; sourceTree = "<group>"; };
		C52FE13BA7C7E01B6CAC89BB /* URLSchemeHandler.swift */ = {isa = PBXFileReference; lastKnownFileType = sourcecode.swift; path = URLSchemeHandler.swift; sourceTree = "<group>"; };
		C5EE6BB28C525D52B6D93056 /* SetupView.swift */ = {isa = PBXFileReference; lastKnownFileType = sourcecode.swift; path = SetupView.swift; sourceTree = "<group>"; };
		C8CBBA5443E7E96E94D5464D /* LibraryView.swift */ = {isa = PBXFileReference; lastKnownFileType = sourcecode.swift; path = LibraryView.swift; sourceTree = "<group>"; };
		CAF9E5E60F5EA7347B602514 /* DebugHooks.swift */ = {isa = PBXFileReference; lastKnownFileType = sourcecode.swift; path = DebugHooks.swift; sourceTree = "<group>"; };
		D764AAC18B06926AF51A101F /* DownloadMirror.swift */ = {isa = PBXFileReference; lastKnownFileType = sourcecode.swift; path = DownloadMirror.swift; sourceTree = "<group>"; };
		DA2CB851022246C35638AEBA /* RunnerSettings.swift */ = {isa = PBXFileReference; lastKnownFileType = sourcecode.swift; path = RunnerSettings.swift; sourceTree = "<group>"; };
		DCA42B5D1BAC1D58312F8C75 /* UITestMode.swift */ = {isa = PBXFileReference; lastKnownFileType = sourcecode.swift; path = UITestMode.swift; sourceTree = "<group>"; };
		DEE82F568C37BD0FCB2F5098 /* EmulatorConnection.swift */ = {isa = PBXFileReference; lastKnownFileType = sourcecode.swift; path = EmulatorConnection.swift; sourceTree = "<group>"; };
		E16C43135EC02032154BBA0D /* RunnerState.swift */ = {isa = PBXFileReference; lastKnownFileType = sourcecode.swift; path = RunnerState.swift; sourceTree = "<group>"; };
		E2CC85DB03BB28AEBFAE57D6 /* Unarchiver.swift */ = {isa = PBXFileReference; lastKnownFileType = sourcecode.swift; path = Unarchiver.swift; sourceTree = "<group>"; };
		E5AEAC4F5C06A2E07427985A /* KeyMap.swift */ = {isa = PBXFileReference; lastKnownFileType = sourcecode.swift; path = KeyMap.swift; sourceTree = "<group>"; };
		E65D46CB7589A2820F1476AB /* Fixtures.swift */ = {isa = PBXFileReference; lastKnownFileType = sourcecode.swift; path = Fixtures.swift; sourceTree = "<group>"; };
		ECB2C08B95DD130C292C9683 /* AVDConfig.swift */ = {isa = PBXFileReference; lastKnownFileType = sourcecode.swift; path = AVDConfig.swift; sourceTree = "<group>"; };
		F9014373316B1094081D2AFD /* MediaVolume.swift */ = {isa = PBXFileReference; lastKnownFileType = sourcecode.swift; path = MediaVolume.swift; sourceTree = "<group>"; };
		FE672E41ADA0F32F3E9D09BB /* MadroidKitError.swift */ = {isa = PBXFileReference; lastKnownFileType = sourcecode.swift; path = MadroidKitError.swift; sourceTree = "<group>"; };
/* End PBXFileReference section */

/* Begin PBXFrameworksBuildPhase section */
		3FCC58931116A9424F6D86F4 /* Frameworks */ = {
			isa = PBXFrameworksBuildPhase;
			buildActionMask = 2147483647;
			files = (
				F1402FDECD3EE3D7D77EB50C /* MadroidKit.framework in Frameworks */,
			);
			runOnlyForDeploymentPostprocessing = 0;
		};
		4FCB685C73E72D5E437FCF09 /* Frameworks */ = {
			isa = PBXFrameworksBuildPhase;
			buildActionMask = 2147483647;
			files = (
				C53CE348B54948915E4FD834 /* GRPCCore in Frameworks */,
				709829F32C8B9CE2028DAA62 /* GRPCNIOTransportHTTP2 in Frameworks */,
				6E3B7ECE7AC30DB632329892 /* GRPCProtobuf in Frameworks */,
				AD976713A473085071B04422 /* SwiftProtobuf in Frameworks */,
			);
			runOnlyForDeploymentPostprocessing = 0;
		};
		D3B041C1C58BD762C7F98683 /* Frameworks */ = {
			isa = PBXFrameworksBuildPhase;
			buildActionMask = 2147483647;
			files = (
				1B4B3672269BDE750D77EC96 /* MadroidKit.framework in Frameworks */,
			);
			runOnlyForDeploymentPostprocessing = 0;
		};
/* End PBXFrameworksBuildPhase section */

/* Begin PBXGroup section */
		0305A6AA4B3097A6AFB6F46C /* Fixtures */ = {
			isa = PBXGroup;
			children = (
				4C31BA0D5041DF116607CEF2 /* aapt2-badging-shadowsocks.txt */,
				25724B27F58F2DF4031CF9D6 /* aapt2-maven-metadata.xml */,
				33909234796FBA23F1144333 /* dumpsys-display-0only.txt */,
				376071B5C390D3891896B1C4 /* dumpsys-display-1secondary.txt */,
				15151CDE1B2F7ECDFAE482CA /* dumpsys-display-3secondary.txt */,
				222D597A7A6EF2E0BC39EC66 /* repository2-3.xml */,
				86559A436E9653F7F65F2993 /* sys-img2-3-google_apis_playstore.xml */,
			);
			path = Fixtures;
			sourceTree = "<group>";
		};
		1C8578C6AE59C7F129243CF4 /* ADB */ = {
			isa = PBXGroup;
			children = (
				4CF3671C752949B7BC5F7B8F /* ADBClient.swift */,
				2C660538EA332DBBC4E4084E /* DumpsysDisplayParser.swift */,
				F9014373316B1094081D2AFD /* MediaVolume.swift */,
				42557C42270B69346F183DD4 /* PackageListParser.swift */,
				0C65F1A7827536E21A211ED1 /* TaskListParser.swift */,
			);
			path = ADB;
			sourceTree = "<group>";
		};
		1E897E9240B1C4C70B7CC7CE /* Catalog */ = {
			isa = PBXGroup;
			children = (
				25DB6A6A851430E1B361136E /* AAPT2Fetcher.swift */,
				AC7CFB0539EFDD7A73A75959 /* APKBadging.swift */,
				98AD0D016CBE1D3D1406EC19 /* AppCatalog.swift */,
				978C9042775172368213B6A4 /* IconExtractor.swift */,
			);
			path = Catalog;
			sourceTree = "<group>";
		};
		22BEE4148FF32281AC2C4F91 /* Settings */ = {
			isa = PBXGroup;
			children = (
				AC9024FE1074B14902AA1768 /* SettingsView.swift */,
			);
			path = Settings;
			sourceTree = "<group>";
		};
		274629FE5A8FE892DF2ED0C4 /* Resources */ = {
			isa = PBXGroup;
			children = (
				2B5315FDC1065F6CCAF374BA /* guest-display.jar */,
			);
			path = Resources;
			sourceTree = "<group>";
		};
		2BD07B5EE50D85A77D4990BC /* Madroid */ = {
			isa = PBXGroup;
			children = (
				3FF052239EB45D1DBEF492EE /* AppDelegate.swift */,
				324A150D4CF73B3BC5C54351 /* Assets.xcassets */,
				1F1E3EE54231D37AE9C2FA6C /* Info.plist */,
				6897255EF0FAF405AD30AA2B /* WindowManager.swift */,
				41321DD9C5E0A3109261F727 /* AppWindow */,
				BFDFDC080F6F079DEA24AF57 /* Clipboard */,
				C54188A379EF5422151434B6 /* Launchers */,
				F6E012090BB2FC80271BA981 /* Library */,
				5ECAF2B47A492B5B5636CBC7 /* Menu */,
				22BEE4148FF32281AC2C4F91 /* Settings */,
				E9CFF891BFC696150F3A996F /* Setup */,
			);
			path = Madroid;
			sourceTree = "<group>";
		};
		41321DD9C5E0A3109261F727 /* AppWindow */ = {
			isa = PBXGroup;
			children = (
				4633D89FAC92EF75AC3E5C7E /* AppWindowController.swift */,
				167EF59922CF0C290091267A /* FrameView.swift */,
				4D1812C470EFB1B70320AAA1 /* ParkedOverlayView.swift */,
			);
			path = AppWindow;
			sourceTree = "<group>";
		};
		47C4413626E089ECA8997B32 /* Emulator */ = {
			isa = PBXGroup;
			children = (
				649545F7C8BD90B0911291C5 /* BootWaiter.swift */,
				1B1EE9B8E811F9CDC3CBFFC0 /* EmulatorLaunchOptions.swift */,
				B247858814A0303ABF6FBBCB /* EmulatorProcess.swift */,
				7DA3D9CA884A02FC0401817F /* GuestSetup.swift */,
				369E5F135737A8DB58C1623F /* PortAllocator.swift */,
			);
			path = Emulator;
			sourceTree = "<group>";
		};
		5125FC879B397486A927E4AB /* Generated */ = {
			isa = PBXGroup;
			children = (
				7EEF432604A0D7ADB20E7E62 /* emulator_controller.grpc.swift */,
				93951F74B81FE56031140106 /* emulator_controller.pb.swift */,
			);
			path = Generated;
			sourceTree = "<group>";
		};
		5ECAF2B47A492B5B5636CBC7 /* Menu */ = {
			isa = PBXGroup;
			children = (
				495AA588421958636240FE99 /* MainMenu.swift */,
			);
			path = Menu;
			sourceTree = "<group>";
		};
		60CD673D128A6336517B38BD /* SDK */ = {
			isa = PBXGroup;
			children = (
				8A904CC299CB94D3C818D45C /* Downloader.swift */,
				D764AAC18B06926AF51A101F /* DownloadMirror.swift */,
				046816CE26CA306059AF292C /* RepositoryManifest.swift */,
				9287E3E429B90976B1BC06B6 /* SDKBootstrap.swift */,
				0D5DA232C3FCE890612D3DF6 /* SDKPaths.swift */,
				E2CC85DB03BB28AEBFAE57D6 /* Unarchiver.swift */,
			);
			path = SDK;
			sourceTree = "<group>";
		};
		64B7076CEBF0A0ED98763163 /* AVD */ = {
			isa = PBXGroup;
			children = (
				ECB2C08B95DD130C292C9683 /* AVDConfig.swift */,
				AA39FB165BBD231EDB46A58A /* AVDStore.swift */,
			);
			path = AVD;
			sourceTree = "<group>";
		};
		70153BB9527D6C01B90A6584 /* Products */ = {
			isa = PBXGroup;
			children = (
				39EB7DD04AF0DAE9E19BAC0D /* Madroid.app */,
				4A0B8CC15D4CC13B85617D9C /* MadroidKit.framework */,
				56B42B4C95291D4A7CBE8527 /* MadroidKitTests.xctest */,
			);
			name = Products;
			sourceTree = "<group>";
		};
		7FE423B356D4437E7D7CC34D /* Display */ = {
			isa = PBXGroup;
			children = (
				BF737AAEB05399B6EE104261 /* DisplaySlot.swift */,
				74E9A98B36CF60285CF3B566 /* DisplaySlotPool.swift */,
			);
			path = Display;
			sourceTree = "<group>";
		};
		865BB36998DB8DFCD7C71816 /* Clipboard */ = {
			isa = PBXGroup;
			children = (
				15FA882EA66D04AA1EF5411C /* ClipboardSync.swift */,
			);
			path = Clipboard;
			sourceTree = "<group>";
		};
		91BBF6ADE037AD40413753D2 /* MadroidKitTests */ = {
			isa = PBXGroup;
			children = (
				B4BB46CB9F7058FACA99EAD8 /* CatalogTests.swift */,
				E65D46CB7589A2820F1476AB /* Fixtures.swift */,
				A1A6585A9333132465C07E2C /* InputTests.swift */,
				B31F80FFB5F3EE3B914D6A99 /* MediaVolumeTests.swift */,
				86C99C8E31F705D1112BEB80 /* ParserTests.swift */,
				4EF5C91608A0424D5CC4BAD6 /* PortAllocatorTests.swift */,
				1832787B77BB4BED7FA9724C /* RepositoryManifestTests.swift */,
				0305A6AA4B3097A6AFB6F46C /* Fixtures */,
			);
			path = MadroidKitTests;
			sourceTree = "<group>";
		};
		95457521805DA7DA1D1EF34A /* Client */ = {
			isa = PBXGroup;
			children = (
				62189827F4CC4A58B8B17C88 /* EmulatorClient.swift */,
				DEE82F568C37BD0FCB2F5098 /* EmulatorConnection.swift */,
			);
			path = Client;
			sourceTree = "<group>";
		};
		A3C08FB267AFB2F71A1720CE /* Runner */ = {
			isa = PBXGroup;
			children = (
				3EE7BF635FE0DB8BC5566666 /* EmulatorSession.swift */,
				A6C1AF5989A6BA67B82461BC /* RunnerCoordinator.swift */,
				DA2CB851022246C35638AEBA /* RunnerSettings.swift */,
				E16C43135EC02032154BBA0D /* RunnerState.swift */,
			);
			path = Runner;
			sourceTree = "<group>";
		};
		BDB602436AC4E0A4EE0B73A6 /* MadroidKit */ = {
			isa = PBXGroup;
			children = (
				1C8578C6AE59C7F129243CF4 /* ADB */,
				64B7076CEBF0A0ED98763163 /* AVD */,
				1E897E9240B1C4C70B7CC7CE /* Catalog */,
				95457521805DA7DA1D1EF34A /* Client */,
				865BB36998DB8DFCD7C71816 /* Clipboard */,
				7FE423B356D4437E7D7CC34D /* Display */,
				47C4413626E089ECA8997B32 /* Emulator */,
				DB32AB5E2F9F79D4789C69B0 /* Frames */,
				5125FC879B397486A927E4AB /* Generated */,
				D803EDA73CC0740BF9C9B59D /* Input */,
				274629FE5A8FE892DF2ED0C4 /* Resources */,
				A3C08FB267AFB2F71A1720CE /* Runner */,
				60CD673D128A6336517B38BD /* SDK */,
				C8532C6AF053871512F4C5A0 /* Support */,
			);
			path = MadroidKit;
			sourceTree = "<group>";
		};
		BFDFDC080F6F079DEA24AF57 /* Clipboard */ = {
			isa = PBXGroup;
			children = (
				A9DAECB51EA61D9A07151BBC /* PasteboardClipboard.swift */,
			);
			path = Clipboard;
			sourceTree = "<group>";
		};
		C54188A379EF5422151434B6 /* Launchers */ = {
			isa = PBXGroup;
			children = (
				CAF9E5E60F5EA7347B602514 /* DebugHooks.swift */,
				2E212C1AA08DAABC713DAE07 /* LauncherStubBuilder.swift */,
				DCA42B5D1BAC1D58312F8C75 /* UITestMode.swift */,
				C52FE13BA7C7E01B6CAC89BB /* URLSchemeHandler.swift */,
			);
			path = Launchers;
			sourceTree = "<group>";
		};
		C8532C6AF053871512F4C5A0 /* Support */ = {
			isa = PBXGroup;
			children = (
				371217425235B49F2F3E6226 /* Log.swift */,
				FE672E41ADA0F32F3E9D09BB /* MadroidKitError.swift */,
				95BAD6D09A685BAB028714BF /* SHA1.swift */,
				1ECB7BAB81E41F5155DCDBE6 /* Subprocess.swift */,
			);
			path = Support;
			sourceTree = "<group>";
		};
		CBB62C9853D6D0F8419D6C30 = {
			isa = PBXGroup;
			children = (
				2BD07B5EE50D85A77D4990BC /* Madroid */,
				BDB602436AC4E0A4EE0B73A6 /* MadroidKit */,
				91BBF6ADE037AD40413753D2 /* MadroidKitTests */,
				70153BB9527D6C01B90A6584 /* Products */,
			);
			sourceTree = "<group>";
		};
		D803EDA73CC0740BF9C9B59D /* Input */ = {
			isa = PBXGroup;
			children = (
				9CBB558DA0B3F18197281A0B /* CoordinateMapper.swift */,
				9EFA94FA87E2555DAF7EEFF0 /* InputChannel.swift */,
				5BAAA8C4296D68402F06284A /* InputRouter.swift */,
				E5AEAC4F5C06A2E07427985A /* KeyMap.swift */,
				BEF27FB42B61BE14E29F5E6B /* ScrollGesture.swift */,
			);
			path = Input;
			sourceTree = "<group>";
		};
		DB32AB5E2F9F79D4789C69B0 /* Frames */ = {
			isa = PBXGroup;
			children = (
				4F703997E35D7F7BBAEC584A /* Frame.swift */,
				78212079FAC3995195C8B3B7 /* GRPCFrameStream.swift */,
			);
			path = Frames;
			sourceTree = "<group>";
		};
		E9CFF891BFC696150F3A996F /* Setup */ = {
			isa = PBXGroup;
			children = (
				C5EE6BB28C525D52B6D93056 /* SetupView.swift */,
				40810D1F18C342C713F184AF /* SetupWindowController.swift */,
			);
			path = Setup;
			sourceTree = "<group>";
		};
		F6E012090BB2FC80271BA981 /* Library */ = {
			isa = PBXGroup;
			children = (
				C8CBBA5443E7E96E94D5464D /* LibraryView.swift */,
				C4FBF72DFD0B090AFC6083E1 /* LibraryWindowController.swift */,
			);
			path = Library;
			sourceTree = "<group>";
		};
/* End PBXGroup section */

/* Begin PBXNativeTarget section */
		14170910BBE2F0F28E0E90A8 /* MadroidKit */ = {
			isa = PBXNativeTarget;
			buildConfigurationList = 66F1BA1A3D979FD4240CC6BE /* Build configuration list for PBXNativeTarget "MadroidKit" */;
			buildPhases = (
				B1A0C2AA64749D926736F983 /* Sources */,
				9E45F3B9AE9C4DEFD5F31C74 /* Resources */,
				4FCB685C73E72D5E437FCF09 /* Frameworks */,
			);
			buildRules = (
			);
			dependencies = (
			);
			name = MadroidKit;
			packageProductDependencies = (
				541B03909587D655A035FFF6 /* GRPCCore */,
				64DBC801959929BAFE0DF298 /* GRPCNIOTransportHTTP2 */,
				F053BF917B87399897EEEE67 /* GRPCProtobuf */,
				999FD39BD390DB62B29CF9E9 /* SwiftProtobuf */,
			);
			productName = MadroidKit;
			productReference = 4A0B8CC15D4CC13B85617D9C /* MadroidKit.framework */;
			productType = "com.apple.product-type.framework";
		};
		6A96DE7D78506F56704F92C1 /* Madroid */ = {
			isa = PBXNativeTarget;
			buildConfigurationList = D588A9AE454AA15B083E90DE /* Build configuration list for PBXNativeTarget "Madroid" */;
			buildPhases = (
				1EF0AC9A0B7BBBF33FF7E971 /* Sources */,
				B93807AADD4B879AF23D1A69 /* Resources */,
				D3B041C1C58BD762C7F98683 /* Frameworks */,
				62ECE5D5ADFB9DBB704AE372 /* Embed Frameworks */,
			);
			buildRules = (
			);
			dependencies = (
				933997BA5298555DC87CFD54 /* PBXTargetDependency */,
			);
			name = Madroid;
			packageProductDependencies = (
			);
			productName = Madroid;
			productReference = 39EB7DD04AF0DAE9E19BAC0D /* Madroid.app */;
			productType = "com.apple.product-type.application";
		};
		8BD6CC4ECDD1114C1A941A4E /* MadroidKitTests */ = {
			isa = PBXNativeTarget;
			buildConfigurationList = 41FE9DDDB75CB7C84C1450A8 /* Build configuration list for PBXNativeTarget "MadroidKitTests" */;
			buildPhases = (
				6FCD047FB67144AC04DD9BDC /* Sources */,
				229BE73E8A3211AFD1F92004 /* Resources */,
				3FCC58931116A9424F6D86F4 /* Frameworks */,
				782638D82AB71291175543F6 /* Embed Frameworks */,
			);
			buildRules = (
			);
			dependencies = (
				CBC9345D022CBB348314AC93 /* PBXTargetDependency */,
			);
			name = MadroidKitTests;
			packageProductDependencies = (
			);
			productName = MadroidKitTests;
			productReference = 56B42B4C95291D4A7CBE8527 /* MadroidKitTests.xctest */;
			productType = "com.apple.product-type.bundle.unit-test";
		};
/* End PBXNativeTarget section */

/* Begin PBXProject section */
		A9E1A0EB2D49727807D48E40 /* Project object */ = {
			isa = PBXProject;
			attributes = {
				BuildIndependentTargetsInParallel = YES;
				LastUpgradeCheck = 1430;
				TargetAttributes = {
					14170910BBE2F0F28E0E90A8 = {
						ProvisioningStyle = Automatic;
					};
					6A96DE7D78506F56704F92C1 = {
						ProvisioningStyle = Automatic;
					};
					8BD6CC4ECDD1114C1A941A4E = {
						ProvisioningStyle = Automatic;
					};
				};
			};
			buildConfigurationList = CF3C9B404097FDA7B9C989E6 /* Build configuration list for PBXProject "Madroid" */;
			developmentRegion = en;
			hasScannedForEncodings = 0;
			knownRegions = (
				Base,
				en,
			);
			mainGroup = CBB62C9853D6D0F8419D6C30;
			minimizedProjectReferenceProxies = 1;
			packageReferences = (
				2DE86EF3595A04319EFB1D83 /* XCRemoteSwiftPackageReference "grpc-swift-2" */,
				A210434FEF5DAC291B038290 /* XCRemoteSwiftPackageReference "grpc-swift-nio-transport" */,
				5EC3A963DEFC3EEAA0575285 /* XCRemoteSwiftPackageReference "grpc-swift-protobuf" */,
				BFB959B6B85F35A1EFC70481 /* XCRemoteSwiftPackageReference "swift-protobuf" */,
			);
			preferredProjectObjectVersion = 77;
			productRefGroup = 70153BB9527D6C01B90A6584 /* Products */;
			projectDirPath = "";
			projectRoot = "";
			targets = (
				6A96DE7D78506F56704F92C1 /* Madroid */,
				14170910BBE2F0F28E0E90A8 /* MadroidKit */,
				8BD6CC4ECDD1114C1A941A4E /* MadroidKitTests */,
			);
		};
/* End PBXProject section */

/* Begin PBXResourcesBuildPhase section */
		229BE73E8A3211AFD1F92004 /* Resources */ = {
			isa = PBXResourcesBuildPhase;
			buildActionMask = 2147483647;
			files = (
				DADD7DF0028603DFAD3CA337 /* aapt2-badging-shadowsocks.txt in Resources */,
				28F44BF1091EC48D61DD01BA /* aapt2-maven-metadata.xml in Resources */,
				F42025E4DB228D59ACFBB557 /* dumpsys-display-0only.txt in Resources */,
				616ACEEA8CE7719E97059A48 /* dumpsys-display-1secondary.txt in Resources */,
				8DA1AB3525926EDE18CD3D51 /* dumpsys-display-3secondary.txt in Resources */,
				4957BE0586A45DF3822EE885 /* repository2-3.xml in Resources */,
				8CBFFA923B99A6B6885DB1C9 /* sys-img2-3-google_apis_playstore.xml in Resources */,
			);
			runOnlyForDeploymentPostprocessing = 0;
		};
		9E45F3B9AE9C4DEFD5F31C74 /* Resources */ = {
			isa = PBXResourcesBuildPhase;
			buildActionMask = 2147483647;
			files = (
				AD138DAE44DC98629B3D7ED1 /* guest-display.jar in Resources */,
			);
			runOnlyForDeploymentPostprocessing = 0;
		};
		B93807AADD4B879AF23D1A69 /* Resources */ = {
			isa = PBXResourcesBuildPhase;
			buildActionMask = 2147483647;
			files = (
				E007262ADE3EA2CB9AECC789 /* Assets.xcassets in Resources */,
			);
			runOnlyForDeploymentPostprocessing = 0;
		};
/* End PBXResourcesBuildPhase section */

/* Begin PBXSourcesBuildPhase section */
		1EF0AC9A0B7BBBF33FF7E971 /* Sources */ = {
			isa = PBXSourcesBuildPhase;
			buildActionMask = 2147483647;
			files = (
				18A514F5C5338678F9E43BB7 /* AppDelegate.swift in Sources */,
				B4757AB79E64D68452F25FB9 /* AppWindowController.swift in Sources */,
				4C90EB43CB9CEB0F72D12FBE /* DebugHooks.swift in Sources */,
				4BBF896BE729975BF9151021 /* FrameView.swift in Sources */,
				D2CCCEC3F8C977EA7E7CE2AE /* LauncherStubBuilder.swift in Sources */,
				D1A0728A87DED27CC103E29C /* LibraryView.swift in Sources */,
				9E2F8C38173D61FDEBF3ACB4 /* LibraryWindowController.swift in Sources */,
				C590CF47351E1D22D3CB8649 /* MainMenu.swift in Sources */,
				8449A2CBDE7AFD0851EA2485 /* ParkedOverlayView.swift in Sources */,
				2B69AD3BC7890A1DA1E6EB6C /* PasteboardClipboard.swift in Sources */,
				BE4B1029CF81E8E7F8023D09 /* SettingsView.swift in Sources */,
				08C5C8E8A675D42B255EBDCD /* SetupView.swift in Sources */,
				9E06C3CB1A1E7D8909080574 /* SetupWindowController.swift in Sources */,
				DD5B3A1B78E20E86915CCF16 /* UITestMode.swift in Sources */,
				411E47E5EC9EC789EC3C6BE1 /* URLSchemeHandler.swift in Sources */,
				5D3AD1A760C8D1B1048FAC96 /* WindowManager.swift in Sources */,
			);
			runOnlyForDeploymentPostprocessing = 0;
		};
		6FCD047FB67144AC04DD9BDC /* Sources */ = {
			isa = PBXSourcesBuildPhase;
			buildActionMask = 2147483647;
			files = (
				B4453A52DD2A676DE6660B21 /* CatalogTests.swift in Sources */,
				ED3E21B62AF626B0F4E3B3E8 /* Fixtures.swift in Sources */,
				2F48C64DFEBB6D3FA0335417 /* InputTests.swift in Sources */,
				DF9068F5EE508EFA469BBC85 /* MediaVolumeTests.swift in Sources */,
				965CC64444C360F919CA3A47 /* ParserTests.swift in Sources */,
				46BFB6C89036473D57AE7AF9 /* PortAllocatorTests.swift in Sources */,
				936BDAABBDB47141384858E6 /* RepositoryManifestTests.swift in Sources */,
			);
			runOnlyForDeploymentPostprocessing = 0;
		};
		B1A0C2AA64749D926736F983 /* Sources */ = {
			isa = PBXSourcesBuildPhase;
			buildActionMask = 2147483647;
			files = (
				FA3CF14BCE75ED963DA3723A /* AAPT2Fetcher.swift in Sources */,
				4913BEBBECE91371ED3DB88E /* ADBClient.swift in Sources */,
				701B5535AFFC4C8067B06B50 /* APKBadging.swift in Sources */,
				89FC524313D00573F1A83964 /* AVDConfig.swift in Sources */,
				02F01E4D94565A0C49A72D8C /* AVDStore.swift in Sources */,
				E72037C2A784FAA1CC10CE3E /* AppCatalog.swift in Sources */,
				21F4069906775CEC683D2239 /* BootWaiter.swift in Sources */,
				D871AD5CCBEE0F1123090EEA /* ClipboardSync.swift in Sources */,
				ADEB2FEC6A31E752EAF47EFB /* CoordinateMapper.swift in Sources */,
				B57AA0578B7D6620E7863CF6 /* DisplaySlot.swift in Sources */,
				CA2A22337D3B3B90E58A681D /* DisplaySlotPool.swift in Sources */,
				8C03369A40913C78CCC49FA0 /* DownloadMirror.swift in Sources */,
				53C552FFFAD22D945031B1EC /* Downloader.swift in Sources */,
				299F15BB23897027A357530D /* DumpsysDisplayParser.swift in Sources */,
				B784AE9501085BCE21657F91 /* EmulatorClient.swift in Sources */,
				472406EB69334432DE49D8CC /* EmulatorConnection.swift in Sources */,
				E6BC1F8640F12CAFE1019F8A /* EmulatorLaunchOptions.swift in Sources */,
				52BE43AAAF2AD42D85CD5527 /* EmulatorProcess.swift in Sources */,
				D40ED3046E81567BBBACE206 /* EmulatorSession.swift in Sources */,
				A583CEC3F29FCB5C0009A226 /* Frame.swift in Sources */,
				B91B08E23998D9C4278CF146 /* GRPCFrameStream.swift in Sources */,
				2BA18AC780BB4266AE20B53D /* GuestSetup.swift in Sources */,
				79DC64E1ED8F2676F9B323DC /* IconExtractor.swift in Sources */,
				BCBF656E988DA3992021DB2F /* InputChannel.swift in Sources */,
				A520733B19800A91C75D63B1 /* InputRouter.swift in Sources */,
				160D6F5D568A3CBDD4AD21AE /* KeyMap.swift in Sources */,
				C652A3638DCF248AA8CFB0E3 /* Log.swift in Sources */,
				9BDD5B3C00E3869350623DB0 /* MadroidKitError.swift in Sources */,
				C375FCC0C9EF58A5A9325D80 /* MediaVolume.swift in Sources */,
				AFC9A39EB057BEC3F821B663 /* PackageListParser.swift in Sources */,
				34E309F9D054C24FF01A2197 /* PortAllocator.swift in Sources */,
				A525FC3313881D0B56AA1C84 /* RepositoryManifest.swift in Sources */,
				145CBCC0A93C9DF6E4ED0DAF /* RunnerCoordinator.swift in Sources */,
				2B58BC05F841DB1E6BFA332E /* RunnerSettings.swift in Sources */,
				6B5FFD29C4307E183853C93E /* RunnerState.swift in Sources */,
				B2BB61047F56211654388BA8 /* SDKBootstrap.swift in Sources */,
				63E699811EA7870C270FB699 /* SDKPaths.swift in Sources */,
				B84DCA5FE3994376A388498B /* SHA1.swift in Sources */,
				BAE547AE3250A9D645E40600 /* ScrollGesture.swift in Sources */,
				7BEA42871B8524F441E72A64 /* Subprocess.swift in Sources */,
				A7042935E33A8317330098F9 /* TaskListParser.swift in Sources */,
				A151FADFD68F8CE3BA7D1A11 /* Unarchiver.swift in Sources */,
				04FB74424CD2E320BEC5642D /* emulator_controller.grpc.swift in Sources */,
				55C9314414220A88DA53C823 /* emulator_controller.pb.swift in Sources */,
			);
			runOnlyForDeploymentPostprocessing = 0;
		};
/* End PBXSourcesBuildPhase section */

/* Begin PBXTargetDependency section */
		933997BA5298555DC87CFD54 /* PBXTargetDependency */ = {
			isa = PBXTargetDependency;
			target = 14170910BBE2F0F28E0E90A8 /* MadroidKit */;
			targetProxy = 26D791E82D71658695E1E013 /* PBXContainerItemProxy */;
		};
		CBC9345D022CBB348314AC93 /* PBXTargetDependency */ = {
			isa = PBXTargetDependency;
			target = 14170910BBE2F0F28E0E90A8 /* MadroidKit */;
			targetProxy = 9C17419F7ED8878CB6A51975 /* PBXContainerItemProxy */;
		};
/* End PBXTargetDependency section */

/* Begin XCBuildConfiguration section */
		0DCAFDFFFDA69C0A57DD5995 /* Release */ = {
			isa = XCBuildConfiguration;
			buildSettings = {
				ALWAYS_SEARCH_USER_PATHS = NO;
				ARCHS = arm64;
				CLANG_ANALYZER_NONNULL = YES;
				CLANG_ANALYZER_NUMBER_OBJECT_CONVERSION = YES_AGGRESSIVE;
				CLANG_CXX_LANGUAGE_STANDARD = "gnu++14";
				CLANG_CXX_LIBRARY = "libc++";
				CLANG_ENABLE_MODULES = YES;
				CLANG_ENABLE_OBJC_ARC = YES;
				CLANG_ENABLE_OBJC_WEAK = YES;
				CLANG_WARN_BLOCK_CAPTURE_AUTORELEASING = YES;
				CLANG_WARN_BOOL_CONVERSION = YES;
				CLANG_WARN_COMMA = YES;
				CLANG_WARN_CONSTANT_CONVERSION = YES;
				CLANG_WARN_DEPRECATED_OBJC_IMPLEMENTATIONS = YES;
				CLANG_WARN_DIRECT_OBJC_ISA_USAGE = YES_ERROR;
				CLANG_WARN_DOCUMENTATION_COMMENTS = YES;
				CLANG_WARN_EMPTY_BODY = YES;
				CLANG_WARN_ENUM_CONVERSION = YES;
				CLANG_WARN_INFINITE_RECURSION = YES;
				CLANG_WARN_INT_CONVERSION = YES;
				CLANG_WARN_NON_LITERAL_NULL_CONVERSION = YES;
				CLANG_WARN_OBJC_IMPLICIT_RETAIN_SELF = YES;
				CLANG_WARN_OBJC_LITERAL_CONVERSION = YES;
				CLANG_WARN_OBJC_ROOT_CLASS = YES_ERROR;
				CLANG_WARN_QUOTED_INCLUDE_IN_FRAMEWORK_HEADER = YES;
				CLANG_WARN_RANGE_LOOP_ANALYSIS = YES;
				CLANG_WARN_STRICT_PROTOTYPES = YES;
				CLANG_WARN_SUSPICIOUS_MOVE = YES;
				CLANG_WARN_UNGUARDED_AVAILABILITY = YES_AGGRESSIVE;
				CLANG_WARN_UNREACHABLE_CODE = YES;
				CLANG_WARN__DUPLICATE_METHOD_MATCH = YES;
				CODE_SIGN_INJECT_BASE_ENTITLEMENTS = NO;
				CODE_SIGN_STYLE = Automatic;
				COPY_PHASE_STRIP = NO;
				CURRENT_PROJECT_VERSION = 1;
				DEBUG_INFORMATION_FORMAT = "dwarf-with-dsym";
				ENABLE_HARDENED_RUNTIME = YES;
				ENABLE_NS_ASSERTIONS = NO;
				ENABLE_STRICT_OBJC_MSGSEND = YES;
				EXCLUDED_ARCHS = x86_64;
				GCC_C_LANGUAGE_STANDARD = gnu11;
				GCC_NO_COMMON_BLOCKS = YES;
				GCC_WARN_64_TO_32_BIT_CONVERSION = YES;
				GCC_WARN_ABOUT_RETURN_TYPE = YES_ERROR;
				GCC_WARN_UNDECLARED_SELECTOR = YES;
				GCC_WARN_UNINITIALIZED_AUTOS = YES_AGGRESSIVE;
				GCC_WARN_UNUSED_FUNCTION = YES;
				GCC_WARN_UNUSED_VARIABLE = YES;
				MACOSX_DEPLOYMENT_TARGET = 15.0;
				MARKETING_VERSION = 0.1;
				MTL_ENABLE_DEBUG_INFO = NO;
				MTL_FAST_MATH = YES;
				ONLY_ACTIVE_ARCH = NO;
				PRODUCT_NAME = "$(TARGET_NAME)";
				SDKROOT = macosx;
				SWIFT_COMPILATION_MODE = wholemodule;
				SWIFT_EMIT_LOC_STRINGS = YES;
				SWIFT_OPTIMIZATION_LEVEL = "-O";
				SWIFT_STRICT_CONCURRENCY = complete;
				SWIFT_VERSION = 6.0;
			};
			name = Release;
		};
		0EDEF9D3403570BD624F7074 /* Release */ = {
			isa = XCBuildConfiguration;
			buildSettings = {
				CODE_SIGN_IDENTITY = "";
				COMBINE_HIDPI_IMAGES = YES;
				CURRENT_PROJECT_VERSION = 1;
				DEFINES_MODULE = YES;
				DYLIB_COMPATIBILITY_VERSION = 1;
				DYLIB_CURRENT_VERSION = 1;
				DYLIB_INSTALL_NAME_BASE = "@rpath";
				GENERATE_INFOPLIST_FILE = YES;
				INSTALL_PATH = "$(LOCAL_LIBRARY_DIR)/Frameworks";
				LD_RUNPATH_SEARCH_PATHS = (
					"$(inherited)",
					"@executable_path/../Frameworks",
				);
				PRODUCT_BUNDLE_IDENTIFIER = io.github.madeye.madroid.kit;
				SDKROOT = macosx;
				SKIP_INSTALL = YES;
				SWIFT_TREAT_WARNINGS_AS_ERRORS = NO;
				VERSIONING_SYSTEM = "apple-generic";
			};
			name = Release;
		};
		1A60D04474D055D9102CFF3B /* Debug */ = {
			isa = XCBuildConfiguration;
			buildSettings = {
				ASSETCATALOG_COMPILER_APPICON_NAME = AppIcon;
				COMBINE_HIDPI_IMAGES = YES;
				ENABLE_APP_SANDBOX = NO;
				INFOPLIST_FILE = Madroid/Info.plist;
				LD_RUNPATH_SEARCH_PATHS = (
					"$(inherited)",
					"@executable_path/../Frameworks",
				);
				PRODUCT_BUNDLE_IDENTIFIER = io.github.madeye.madroid;
				SDKROOT = macosx;
				SWIFT_TREAT_WARNINGS_AS_ERRORS = NO;
			};
			name = Debug;
		};
		385453C753084C8E50D5867F /* Release */ = {
			isa = XCBuildConfiguration;
			buildSettings = {
				BUNDLE_LOADER = "$(TEST_HOST)";
				COMBINE_HIDPI_IMAGES = YES;
				GENERATE_INFOPLIST_FILE = YES;
				LD_RUNPATH_SEARCH_PATHS = (
					"$(inherited)",
					"@executable_path/../Frameworks",
					"@loader_path/../Frameworks",
				);
				PRODUCT_BUNDLE_IDENTIFIER = io.github.madeye.madroid.tests;
				SDKROOT = macosx;
			};
			name = Release;
		};
		939F42006804B0BDCD120BAC /* Debug */ = {
			isa = XCBuildConfiguration;
			buildSettings = {
				CODE_SIGN_IDENTITY = "";
				COMBINE_HIDPI_IMAGES = YES;
				CURRENT_PROJECT_VERSION = 1;
				DEFINES_MODULE = YES;
				DYLIB_COMPATIBILITY_VERSION = 1;
				DYLIB_CURRENT_VERSION = 1;
				DYLIB_INSTALL_NAME_BASE = "@rpath";
				GENERATE_INFOPLIST_FILE = YES;
				INSTALL_PATH = "$(LOCAL_LIBRARY_DIR)/Frameworks";
				LD_RUNPATH_SEARCH_PATHS = (
					"$(inherited)",
					"@executable_path/../Frameworks",
				);
				PRODUCT_BUNDLE_IDENTIFIER = io.github.madeye.madroid.kit;
				SDKROOT = macosx;
				SKIP_INSTALL = YES;
				SWIFT_TREAT_WARNINGS_AS_ERRORS = NO;
				VERSIONING_SYSTEM = "apple-generic";
			};
			name = Debug;
		};
		AF6C7144018EC10A3C6D81A5 /* Debug */ = {
			isa = XCBuildConfiguration;
			buildSettings = {
				BUNDLE_LOADER = "$(TEST_HOST)";
				COMBINE_HIDPI_IMAGES = YES;
				GENERATE_INFOPLIST_FILE = YES;
				LD_RUNPATH_SEARCH_PATHS = (
					"$(inherited)",
					"@executable_path/../Frameworks",
					"@loader_path/../Frameworks",
				);
				PRODUCT_BUNDLE_IDENTIFIER = io.github.madeye.madroid.tests;
				SDKROOT = macosx;
			};
			name = Debug;
		};
		F9F746E99B0CF93A227B1053 /* Debug */ = {
			isa = XCBuildConfiguration;
			buildSettings = {
				ALWAYS_SEARCH_USER_PATHS = NO;
				ARCHS = arm64;
				CLANG_ANALYZER_NONNULL = YES;
				CLANG_ANALYZER_NUMBER_OBJECT_CONVERSION = YES_AGGRESSIVE;
				CLANG_CXX_LANGUAGE_STANDARD = "gnu++14";
				CLANG_CXX_LIBRARY = "libc++";
				CLANG_ENABLE_MODULES = YES;
				CLANG_ENABLE_OBJC_ARC = YES;
				CLANG_ENABLE_OBJC_WEAK = YES;
				CLANG_WARN_BLOCK_CAPTURE_AUTORELEASING = YES;
				CLANG_WARN_BOOL_CONVERSION = YES;
				CLANG_WARN_COMMA = YES;
				CLANG_WARN_CONSTANT_CONVERSION = YES;
				CLANG_WARN_DEPRECATED_OBJC_IMPLEMENTATIONS = YES;
				CLANG_WARN_DIRECT_OBJC_ISA_USAGE = YES_ERROR;
				CLANG_WARN_DOCUMENTATION_COMMENTS = YES;
				CLANG_WARN_EMPTY_BODY = YES;
				CLANG_WARN_ENUM_CONVERSION = YES;
				CLANG_WARN_INFINITE_RECURSION = YES;
				CLANG_WARN_INT_CONVERSION = YES;
				CLANG_WARN_NON_LITERAL_NULL_CONVERSION = YES;
				CLANG_WARN_OBJC_IMPLICIT_RETAIN_SELF = YES;
				CLANG_WARN_OBJC_LITERAL_CONVERSION = YES;
				CLANG_WARN_OBJC_ROOT_CLASS = YES_ERROR;
				CLANG_WARN_QUOTED_INCLUDE_IN_FRAMEWORK_HEADER = YES;
				CLANG_WARN_RANGE_LOOP_ANALYSIS = YES;
				CLANG_WARN_STRICT_PROTOTYPES = YES;
				CLANG_WARN_SUSPICIOUS_MOVE = YES;
				CLANG_WARN_UNGUARDED_AVAILABILITY = YES_AGGRESSIVE;
				CLANG_WARN_UNREACHABLE_CODE = YES;
				CLANG_WARN__DUPLICATE_METHOD_MATCH = YES;
				CODE_SIGN_STYLE = Automatic;
				COPY_PHASE_STRIP = NO;
				CURRENT_PROJECT_VERSION = 1;
				DEBUG_INFORMATION_FORMAT = dwarf;
				ENABLE_STRICT_OBJC_MSGSEND = YES;
				ENABLE_TESTABILITY = YES;
				EXCLUDED_ARCHS = x86_64;
				GCC_C_LANGUAGE_STANDARD = gnu11;
				GCC_DYNAMIC_NO_PIC = NO;
				GCC_NO_COMMON_BLOCKS = YES;
				GCC_OPTIMIZATION_LEVEL = 0;
				GCC_PREPROCESSOR_DEFINITIONS = (
					"$(inherited)",
					"DEBUG=1",
				);
				GCC_WARN_64_TO_32_BIT_CONVERSION = YES;
				GCC_WARN_ABOUT_RETURN_TYPE = YES_ERROR;
				GCC_WARN_UNDECLARED_SELECTOR = YES;
				GCC_WARN_UNINITIALIZED_AUTOS = YES_AGGRESSIVE;
				GCC_WARN_UNUSED_FUNCTION = YES;
				GCC_WARN_UNUSED_VARIABLE = YES;
				MACOSX_DEPLOYMENT_TARGET = 15.0;
				MARKETING_VERSION = 0.1;
				MTL_ENABLE_DEBUG_INFO = INCLUDE_SOURCE;
				MTL_FAST_MATH = YES;
				ONLY_ACTIVE_ARCH = NO;
				PRODUCT_NAME = "$(TARGET_NAME)";
				SDKROOT = macosx;
				SWIFT_ACTIVE_COMPILATION_CONDITIONS = DEBUG;
				SWIFT_EMIT_LOC_STRINGS = YES;
				SWIFT_OPTIMIZATION_LEVEL = "-Onone";
				SWIFT_STRICT_CONCURRENCY = complete;
				SWIFT_VERSION = 6.0;
			};
			name = Debug;
		};
		FFB832EA3724A816812B9AFD /* Release */ = {
			isa = XCBuildConfiguration;
			buildSettings = {
				ASSETCATALOG_COMPILER_APPICON_NAME = AppIcon;
				COMBINE_HIDPI_IMAGES = YES;
				ENABLE_APP_SANDBOX = NO;
				INFOPLIST_FILE = Madroid/Info.plist;
				LD_RUNPATH_SEARCH_PATHS = (
					"$(inherited)",
					"@executable_path/../Frameworks",
				);
				PRODUCT_BUNDLE_IDENTIFIER = io.github.madeye.madroid;
				SDKROOT = macosx;
				SWIFT_TREAT_WARNINGS_AS_ERRORS = NO;
			};
			name = Release;
		};
/* End XCBuildConfiguration section */

/* Begin XCConfigurationList section */
		41FE9DDDB75CB7C84C1450A8 /* Build configuration list for PBXNativeTarget "MadroidKitTests" */ = {
			isa = XCConfigurationList;
			buildConfigurations = (
				AF6C7144018EC10A3C6D81A5 /* Debug */,
				385453C753084C8E50D5867F /* Release */,
			);
			defaultConfigurationIsVisible = 0;
			defaultConfigurationName = Debug;
		};
		66F1BA1A3D979FD4240CC6BE /* Build configuration list for PBXNativeTarget "MadroidKit" */ = {
			isa = XCConfigurationList;
			buildConfigurations = (
				939F42006804B0BDCD120BAC /* Debug */,
				0EDEF9D3403570BD624F7074 /* Release */,
			);
			defaultConfigurationIsVisible = 0;
			defaultConfigurationName = Debug;
		};
		CF3C9B404097FDA7B9C989E6 /* Build configuration list for PBXProject "Madroid" */ = {
			isa = XCConfigurationList;
			buildConfigurations = (
				F9F746E99B0CF93A227B1053 /* Debug */,
				0DCAFDFFFDA69C0A57DD5995 /* Release */,
			);
			defaultConfigurationIsVisible = 0;
			defaultConfigurationName = Debug;
		};
		D588A9AE454AA15B083E90DE /* Build configuration list for PBXNativeTarget "Madroid" */ = {
			isa = XCConfigurationList;
			buildConfigurations = (
				1A60D04474D055D9102CFF3B /* Debug */,
				FFB832EA3724A816812B9AFD /* Release */,
			);
			defaultConfigurationIsVisible = 0;
			defaultConfigurationName = Debug;
		};
/* End XCConfigurationList section */

/* Begin XCRemoteSwiftPackageReference section */
		2DE86EF3595A04319EFB1D83 /* XCRemoteSwiftPackageReference "grpc-swift-2" */ = {
			isa = XCRemoteSwiftPackageReference;
			repositoryURL = "https://github.com/grpc/grpc-swift-2.git";
			requirement = {
				kind = upToNextMajorVersion;
				minimumVersion = 2.4.0;
			};
		};
		5EC3A963DEFC3EEAA0575285 /* XCRemoteSwiftPackageReference "grpc-swift-protobuf" */ = {
			isa = XCRemoteSwiftPackageReference;
			repositoryURL = "https://github.com/grpc/grpc-swift-protobuf.git";
			requirement = {
				kind = upToNextMajorVersion;
				minimumVersion = 2.4.0;
			};
		};
		A210434FEF5DAC291B038290 /* XCRemoteSwiftPackageReference "grpc-swift-nio-transport" */ = {
			isa = XCRemoteSwiftPackageReference;
			repositoryURL = "https://github.com/grpc/grpc-swift-nio-transport.git";
			requirement = {
				kind = upToNextMajorVersion;
				minimumVersion = 2.9.0;
			};
		};
		BFB959B6B85F35A1EFC70481 /* XCRemoteSwiftPackageReference "swift-protobuf" */ = {
			isa = XCRemoteSwiftPackageReference;
			repositoryURL = "https://github.com/apple/swift-protobuf.git";
			requirement = {
				kind = upToNextMajorVersion;
				minimumVersion = 1.29.0;
			};
		};
/* End XCRemoteSwiftPackageReference section */

/* Begin XCSwiftPackageProductDependency section */
		541B03909587D655A035FFF6 /* GRPCCore */ = {
			isa = XCSwiftPackageProductDependency;
			package = 2DE86EF3595A04319EFB1D83 /* XCRemoteSwiftPackageReference "grpc-swift-2" */;
			productName = GRPCCore;
		};
		64DBC801959929BAFE0DF298 /* GRPCNIOTransportHTTP2 */ = {
			isa = XCSwiftPackageProductDependency;
			package = A210434FEF5DAC291B038290 /* XCRemoteSwiftPackageReference "grpc-swift-nio-transport" */;
			productName = GRPCNIOTransportHTTP2;
		};
		999FD39BD390DB62B29CF9E9 /* SwiftProtobuf */ = {
			isa = XCSwiftPackageProductDependency;
			package = BFB959B6B85F35A1EFC70481 /* XCRemoteSwiftPackageReference "swift-protobuf" */;
			productName = SwiftProtobuf;
		};
		F053BF917B87399897EEEE67 /* GRPCProtobuf */ = {
			isa = XCSwiftPackageProductDependency;
			package = 5EC3A963DEFC3EEAA0575285 /* XCRemoteSwiftPackageReference "grpc-swift-protobuf" */;
			productName = GRPCProtobuf;
		};
/* End XCSwiftPackageProductDependency section */
	};
	rootObject = A9E1A0EB2D49727807D48E40 /* Project object */;
}
